
Microsoft Visual Studio Solution File, Format Version 12.00
# Visual Studio 15
VisualStudioVersion = 15.0.27130.2027
MinimumVisualStudioVersion = 10.0.40219.1
Project("{2150E333-8FDC-42A3-9474-1A3956D46DE8}") = "01 - Core", "01 - Core", "{B8909145-F157-498E-8B9C-87A9F0AE5F13}"
EndProject
Project("{2150E333-8FDC-42A3-9474-1A3956D46DE8}") = "02 - Infrastructure", "02 - Infrastructure", "{9D107CAE-C64B-4539-BBEE-913996A4958C}"
EndProject
Project("{2150E333-8FDC-42A3-9474-1A3956D46DE8}") = "Cloud", "Cloud", "{B7C47AF5-D55F-4A54-AC92-BE3E71FE9B35}"
EndProject
Project("{2150E333-8FDC-42A3-9474-1A3956D46DE8}") = "Apps", "Apps", "{BC7E0C92-A96C-40E9-8DC6-DDBF97137F10}"
EndProject
Project("{2150E333-8FDC-42A3-9474-1A3956D46DE8}") = "03 - Clients", "03 - Clients", "{87CB3256-BF8B-4C35-97D2-6D10FC062D5A}"
EndProject
Project("{2150E333-8FDC-42A3-9474-1A3956D46DE8}") = "04- Tests", "04- Tests", "{FF2CE7EF-5487-49CD-BEB3-BFD9FC0AC57C}"
EndProject
Project("{2150E333-8FDC-42A3-9474-1A3956D46DE8}") = "01 - Infrastructure", "01 - Infrastructure", "{46E3C6C7-879C-4BDC-B0F3-BEF7BE8B2AA7}"
EndProject
Project("{2150E333-8FDC-42A3-9474-1A3956D46DE8}") = "02 - Application", "02 - Application", "{5715AF9A-6E4E-40F5-8B91-4096F62891CA}"
EndProject
Project("{2150E333-8FDC-42A3-9474-1A3956D46DE8}") = "03 - Platforms", "03 - Platforms", "{3EAFF2BB-7974-448F-9BF7-0209D307D65F}"
EndProject
Project("{2150E333-8FDC-42A3-9474-1A3956D46DE8}") = "04 - Tests", "04 - Tests", "{1F33D191-4A99-4F5B-9AD7-12E088859A40}"
EndProject
Project("{FAE04EC0-301F-11D3-BF4B-00C04F79EFBC}") = "CAInine.Core.Models", "Cloud\Core\CAInine.Core.Models\CAInine.Core.Models.csproj", "{7CF35BF1-C8A6-49A9-96A2-59E391E0619E}"
EndProject
Project("{FAE04EC0-301F-11D3-BF4B-00C04F79EFBC}") = "CAInine.Core.Interfaces", "Cloud\Core\CAInine.Core.Interfaces\CAInine.Core.Interfaces.csproj", "{529F7E6F-EA83-4338-BAA1-0959E8E63655}"
EndProject
Project("{FAE04EC0-301F-11D3-BF4B-00C04F79EFBC}") = "CAInine.Infrastructure.Business", "Cloud\Infrastructure\CAInine.Infrastructure.Business\CAInine.Infrastructure.Business.csproj", "{6FE0A980-A6B6-4CBB-8AA9-B7AB1A2D71B8}"
EndProject
Project("{FAE04EC0-301F-11D3-BF4B-00C04F79EFBC}") = "CAInine.Infrastructure.Data", "Cloud\Infrastructure\CAInine.Infrastructure.Data\CAInine.Infrastructure.Data.csproj", "{E3BFFB16-CA40-4003-82C8-7A985A695708}"
EndProject
Project("{FAE04EC0-301F-11D3-BF4B-00C04F79EFBC}") = "CAInine.Clients.Api", "Cloud\Clients\CAInine.Clients.Api\CAInine.Clients.Api.csproj", "{7012EEE5-6B9B-4089-80C6-1926AFCD37E4}"
EndProject
Project("{FAE04EC0-301F-11D3-BF4B-00C04F79EFBC}") = "CAInine.Tests.UnitTests", "Cloud\Tests\CAInine.Tests.UnitTests\CAInine.Tests.UnitTests.csproj", "{1A3FCA05-8967-4CE6-9CCA-ACEAFC32BB7C}"
EndProject
Project("{FAE04EC0-301F-11D3-BF4B-00C04F79EFBC}") = "CAInine.Apps.Infrastructure.Business", "Apps\Infrastructure\CAInine.Apps.Infrastructure.Business\CAInine.Apps.Infrastructure.Business.csproj", "{15B7D294-1DF6-4F20-AABC-1037E930F897}"
EndProject
Project("{FAE04EC0-301F-11D3-BF4B-00C04F79EFBC}") = "CAInine.Apps.Infrastructure.Data", "Apps\Infrastructure\CAInine.Apps.Infrastructure.Data\CAInine.Apps.Infrastructure.Data.csproj", "{E77EA333-6B78-4A9E-8218-C99D3D5432DE}"
EndProject
Project("{FAE04EC0-301F-11D3-BF4B-00C04F79EFBC}") = "CAInine.Apps.Application.ViewModels", "Apps\Application\CAInine.Apps.Application.ViewModels\CAInine.Apps.Application.ViewModels.csproj", "{9DCB0139-96AF-4FB5-811B-5432BB94AA31}"
EndProject
Project("{FAE04EC0-301F-11D3-BF4B-00C04F79EFBC}") = "CAInine.Apps.Application.Forms", "Apps\Application\CAInine.Apps.Application.Forms\CAInine.Apps.Application.Forms.csproj", "{F30C5002-20CB-4459-947C-364DFF00EFB2}"
EndProject
Project("{FAE04EC0-301F-11D3-BF4B-00C04F79EFBC}") = "CAInine.Apps.Application.Bootstrap", "Apps\Application\CAInine.Apps.Application.Bootstrap\CAInine.Apps.Application.Bootstrap.csproj", "{FC97E81D-E1DA-4C7F-A0A5-306382049B75}"
EndProject
Project("{FAE04EC0-301F-11D3-BF4B-00C04F79EFBC}") = "CAInine.Apps.Platforms.Android", "Apps\Platforms\CAInine.Apps.Platforms.Android\CAInine.Apps.Platforms.Android.csproj", "{D47D31E2-87D4-4D63-B813-F16BC79996D6}"
EndProject
Project("{FAE04EC0-301F-11D3-BF4B-00C04F79EFBC}") = "CAInine.Apps.Platforms.iOS", "Apps\Platforms\CAInine.Apps.Platforms.iOS\CAInine.Apps.Platforms.iOS.csproj", "{5DDFDDD0-2B46-43A8-B45F-6C980ECEEDF0}"
EndProject
Project("{FAE04EC0-301F-11D3-BF4B-00C04F79EFBC}") = "CAInine.Apps.Platforms.UWP", "Apps\Platforms\CAInine.Apps.Platforms.UWP\CAInine.Apps.Platforms.UWP.csproj", "{54DEC860-D3C5-4CAE-99C4-C3AE2AF4B14E}"
EndProject
Project("{FAE04EC0-301F-11D3-BF4B-00C04F79EFBC}") = "CAInine.Apps.Tests.UITests", "Apps\Tests\CAInine.Apps.Tests.UITests\CAInine.Apps.Tests.UITests.csproj", "{5C3F2FCA-6266-4056-8D0C-A88228DFC88F}"
EndProject
Global
	GlobalSection(SolutionConfigurationPlatforms) = preSolution
		Ad-Hoc|Any CPU = Ad-Hoc|Any CPU
		Ad-Hoc|ARM = Ad-Hoc|ARM
		Ad-Hoc|iPhone = Ad-Hoc|iPhone
		Ad-Hoc|iPhoneSimulator = Ad-Hoc|iPhoneSimulator
		Ad-Hoc|x64 = Ad-Hoc|x64
		Ad-Hoc|x86 = Ad-Hoc|x86
		AppStore|Any CPU = AppStore|Any CPU
		AppStore|ARM = AppStore|ARM
		AppStore|iPhone = AppStore|iPhone
		AppStore|iPhoneSimulator = AppStore|iPhoneSimulator
		AppStore|x64 = AppStore|x64
		AppStore|x86 = AppStore|x86
		Debug|Any CPU = Debug|Any CPU
		Debug|ARM = Debug|ARM
		Debug|iPhone = Debug|iPhone
		Debug|iPhoneSimulator = Debug|iPhoneSimulator
		Debug|x64 = Debug|x64
		Debug|x86 = Debug|x86
		Release|Any CPU = Release|Any CPU
		Release|ARM = Release|ARM
		Release|iPhone = Release|iPhone
		Release|iPhoneSimulator = Release|iPhoneSimulator
		Release|x64 = Release|x64
		Release|x86 = Release|x86
	EndGlobalSection
	GlobalSection(ProjectConfigurationPlatforms) = postSolution
		{7CF35BF1-C8A6-49A9-96A2-59E391E0619E}.Ad-Hoc|Any CPU.ActiveCfg = Debug|Any CPU
		{7CF35BF1-C8A6-49A9-96A2-59E391E0619E}.Ad-Hoc|Any CPU.Build.0 = Debug|Any CPU
		{7CF35BF1-C8A6-49A9-96A2-59E391E0619E}.Ad-Hoc|ARM.ActiveCfg = Debug|Any CPU
		{7CF35BF1-C8A6-49A9-96A2-59E391E0619E}.Ad-Hoc|ARM.Build.0 = Debug|Any CPU
		{7CF35BF1-C8A6-49A9-96A2-59E391E0619E}.Ad-Hoc|iPhone.ActiveCfg = Debug|Any CPU
		{7CF35BF1-C8A6-49A9-96A2-59E391E0619E}.Ad-Hoc|iPhone.Build.0 = Debug|Any CPU
		{7CF35BF1-C8A6-49A9-96A2-59E391E0619E}.Ad-Hoc|iPhoneSimulator.ActiveCfg = Debug|Any CPU
		{7CF35BF1-C8A6-49A9-96A2-59E391E0619E}.Ad-Hoc|iPhoneSimulator.Build.0 = Debug|Any CPU
		{7CF35BF1-C8A6-49A9-96A2-59E391E0619E}.Ad-Hoc|x64.ActiveCfg = Debug|Any CPU
		{7CF35BF1-C8A6-49A9-96A2-59E391E0619E}.Ad-Hoc|x64.Build.0 = Debug|Any CPU
		{7CF35BF1-C8A6-49A9-96A2-59E391E0619E}.Ad-Hoc|x86.ActiveCfg = Debug|Any CPU
		{7CF35BF1-C8A6-49A9-96A2-59E391E0619E}.Ad-Hoc|x86.Build.0 = Debug|Any CPU
		{7CF35BF1-C8A6-49A9-96A2-59E391E0619E}.AppStore|Any CPU.ActiveCfg = Debug|Any CPU
		{7CF35BF1-C8A6-49A9-96A2-59E391E0619E}.AppStore|Any CPU.Build.0 = Debug|Any CPU
		{7CF35BF1-C8A6-49A9-96A2-59E391E0619E}.AppStore|ARM.ActiveCfg = Debug|Any CPU
		{7CF35BF1-C8A6-49A9-96A2-59E391E0619E}.AppStore|ARM.Build.0 = Debug|Any CPU
		{7CF35BF1-C8A6-49A9-96A2-59E391E0619E}.AppStore|iPhone.ActiveCfg = Debug|Any CPU
		{7CF35BF1-C8A6-49A9-96A2-59E391E0619E}.AppStore|iPhone.Build.0 = Debug|Any CPU
		{7CF35BF1-C8A6-49A9-96A2-59E391E0619E}.AppStore|iPhoneSimulator.ActiveCfg = Debug|Any CPU
		{7CF35BF1-C8A6-49A9-96A2-59E391E0619E}.AppStore|iPhoneSimulator.Build.0 = Debug|Any CPU
		{7CF35BF1-C8A6-49A9-96A2-59E391E0619E}.AppStore|x64.ActiveCfg = Debug|Any CPU
		{7CF35BF1-C8A6-49A9-96A2-59E391E0619E}.AppStore|x64.Build.0 = Debug|Any CPU
		{7CF35BF1-C8A6-49A9-96A2-59E391E0619E}.AppStore|x86.ActiveCfg = Debug|Any CPU
		{7CF35BF1-C8A6-49A9-96A2-59E391E0619E}.AppStore|x86.Build.0 = Debug|Any CPU
		{7CF35BF1-C8A6-49A9-96A2-59E391E0619E}.Debug|Any CPU.ActiveCfg = Debug|Any CPU
		{7CF35BF1-C8A6-49A9-96A2-59E391E0619E}.Debug|Any CPU.Build.0 = Debug|Any CPU
		{7CF35BF1-C8A6-49A9-96A2-59E391E0619E}.Debug|ARM.ActiveCfg = Debug|Any CPU
		{7CF35BF1-C8A6-49A9-96A2-59E391E0619E}.Debug|ARM.Build.0 = Debug|Any CPU
		{7CF35BF1-C8A6-49A9-96A2-59E391E0619E}.Debug|iPhone.ActiveCfg = Debug|Any CPU
		{7CF35BF1-C8A6-49A9-96A2-59E391E0619E}.Debug|iPhone.Build.0 = Debug|Any CPU
		{7CF35BF1-C8A6-49A9-96A2-59E391E0619E}.Debug|iPhoneSimulator.ActiveCfg = Debug|Any CPU
		{7CF35BF1-C8A6-49A9-96A2-59E391E0619E}.Debug|iPhoneSimulator.Build.0 = Debug|Any CPU
		{7CF35BF1-C8A6-49A9-96A2-59E391E0619E}.Debug|x64.ActiveCfg = Debug|Any CPU
		{7CF35BF1-C8A6-49A9-96A2-59E391E0619E}.Debug|x64.Build.0 = Debug|Any CPU
		{7CF35BF1-C8A6-49A9-96A2-59E391E0619E}.Debug|x86.ActiveCfg = Debug|Any CPU
		{7CF35BF1-C8A6-49A9-96A2-59E391E0619E}.Debug|x86.Build.0 = Debug|Any CPU
		{7CF35BF1-C8A6-49A9-96A2-59E391E0619E}.Release|Any CPU.ActiveCfg = Release|Any CPU
		{7CF35BF1-C8A6-49A9-96A2-59E391E0619E}.Release|Any CPU.Build.0 = Release|Any CPU
		{7CF35BF1-C8A6-49A9-96A2-59E391E0619E}.Release|ARM.ActiveCfg = Release|Any CPU
		{7CF35BF1-C8A6-49A9-96A2-59E391E0619E}.Release|ARM.Build.0 = Release|Any CPU
		{7CF35BF1-C8A6-49A9-96A2-59E391E0619E}.Release|iPhone.ActiveCfg = Release|Any CPU
		{7CF35BF1-C8A6-49A9-96A2-59E391E0619E}.Release|iPhone.Build.0 = Release|Any CPU
		{7CF35BF1-C8A6-49A9-96A2-59E391E0619E}.Release|iPhoneSimulator.ActiveCfg = Release|Any CPU
		{7CF35BF1-C8A6-49A9-96A2-59E391E0619E}.Release|iPhoneSimulator.Build.0 = Release|Any CPU
		{7CF35BF1-C8A6-49A9-96A2-59E391E0619E}.Release|x64.ActiveCfg = Release|Any CPU
		{7CF35BF1-C8A6-49A9-96A2-59E391E0619E}.Release|x64.Build.0 = Release|Any CPU
		{7CF35BF1-C8A6-49A9-96A2-59E391E0619E}.Release|x86.ActiveCfg = Release|Any CPU
		{7CF35BF1-C8A6-49A9-96A2-59E391E0619E}.Release|x86.Build.0 = Release|Any CPU
		{529F7E6F-EA83-4338-BAA1-0959E8E63655}.Ad-Hoc|Any CPU.ActiveCfg = Debug|Any CPU
		{529F7E6F-EA83-4338-BAA1-0959E8E63655}.Ad-Hoc|Any CPU.Build.0 = Debug|Any CPU
		{529F7E6F-EA83-4338-BAA1-0959E8E63655}.Ad-Hoc|ARM.ActiveCfg = Debug|Any CPU
		{529F7E6F-EA83-4338-BAA1-0959E8E63655}.Ad-Hoc|ARM.Build.0 = Debug|Any CPU
		{529F7E6F-EA83-4338-BAA1-0959E8E63655}.Ad-Hoc|iPhone.ActiveCfg = Debug|Any CPU
		{529F7E6F-EA83-4338-BAA1-0959E8E63655}.Ad-Hoc|iPhone.Build.0 = Debug|Any CPU
		{529F7E6F-EA83-4338-BAA1-0959E8E63655}.Ad-Hoc|iPhoneSimulator.ActiveCfg = Debug|Any CPU
		{529F7E6F-EA83-4338-BAA1-0959E8E63655}.Ad-Hoc|iPhoneSimulator.Build.0 = Debug|Any CPU
		{529F7E6F-EA83-4338-BAA1-0959E8E63655}.Ad-Hoc|x64.ActiveCfg = Debug|Any CPU
		{529F7E6F-EA83-4338-BAA1-0959E8E63655}.Ad-Hoc|x64.Build.0 = Debug|Any CPU
		{529F7E6F-EA83-4338-BAA1-0959E8E63655}.Ad-Hoc|x86.ActiveCfg = Debug|Any CPU
		{529F7E6F-EA83-4338-BAA1-0959E8E63655}.Ad-Hoc|x86.Build.0 = Debug|Any CPU
		{529F7E6F-EA83-4338-BAA1-0959E8E63655}.AppStore|Any CPU.ActiveCfg = Debug|Any CPU
		{529F7E6F-EA83-4338-BAA1-0959E8E63655}.AppStore|Any CPU.Build.0 = Debug|Any CPU
		{529F7E6F-EA83-4338-BAA1-0959E8E63655}.AppStore|ARM.ActiveCfg = Debug|Any CPU
		{529F7E6F-EA83-4338-BAA1-0959E8E63655}.AppStore|ARM.Build.0 = Debug|Any CPU
		{529F7E6F-EA83-4338-BAA1-0959E8E63655}.AppStore|iPhone.ActiveCfg = Debug|Any CPU
		{529F7E6F-EA83-4338-BAA1-0959E8E63655}.AppStore|iPhone.Build.0 = Debug|Any CPU
		{529F7E6F-EA83-4338-BAA1-0959E8E63655}.AppStore|iPhoneSimulator.ActiveCfg = Debug|Any CPU
		{529F7E6F-EA83-4338-BAA1-0959E8E63655}.AppStore|iPhoneSimulator.Build.0 = Debug|Any CPU
		{529F7E6F-EA83-4338-BAA1-0959E8E63655}.AppStore|x64.ActiveCfg = Debug|Any CPU
		{529F7E6F-EA83-4338-BAA1-0959E8E63655}.AppStore|x64.Build.0 = Debug|Any CPU
		{529F7E6F-EA83-4338-BAA1-0959E8E63655}.AppStore|x86.ActiveCfg = Debug|Any CPU
		{529F7E6F-EA83-4338-BAA1-0959E8E63655}.AppStore|x86.Build.0 = Debug|Any CPU
		{529F7E6F-EA83-4338-BAA1-0959E8E63655}.Debug|Any CPU.ActiveCfg = Debug|Any CPU
		{529F7E6F-EA83-4338-BAA1-0959E8E63655}.Debug|Any CPU.Build.0 = Debug|Any CPU
		{529F7E6F-EA83-4338-BAA1-0959E8E63655}.Debug|ARM.ActiveCfg = Debug|Any CPU
		{529F7E6F-EA83-4338-BAA1-0959E8E63655}.Debug|ARM.Build.0 = Debug|Any CPU
		{529F7E6F-EA83-4338-BAA1-0959E8E63655}.Debug|iPhone.ActiveCfg = Debug|Any CPU
		{529F7E6F-EA83-4338-BAA1-0959E8E63655}.Debug|iPhone.Build.0 = Debug|Any CPU
		{529F7E6F-EA83-4338-BAA1-0959E8E63655}.Debug|iPhoneSimulator.ActiveCfg = Debug|Any CPU
		{529F7E6F-EA83-4338-BAA1-0959E8E63655}.Debug|iPhoneSimulator.Build.0 = Debug|Any CPU
		{529F7E6F-EA83-4338-BAA1-0959E8E63655}.Debug|x64.ActiveCfg = Debug|Any CPU
		{529F7E6F-EA83-4338-BAA1-0959E8E63655}.Debug|x64.Build.0 = Debug|Any CPU
		{529F7E6F-EA83-4338-BAA1-0959E8E63655}.Debug|x86.ActiveCfg = Debug|Any CPU
		{529F7E6F-EA83-4338-BAA1-0959E8E63655}.Debug|x86.Build.0 = Debug|Any CPU
		{529F7E6F-EA83-4338-BAA1-0959E8E63655}.Release|Any CPU.ActiveCfg = Release|Any CPU
		{529F7E6F-EA83-4338-BAA1-0959E8E63655}.Release|Any CPU.Build.0 = Release|Any CPU
		{529F7E6F-EA83-4338-BAA1-0959E8E63655}.Release|ARM.ActiveCfg = Release|Any CPU
		{529F7E6F-EA83-4338-BAA1-0959E8E63655}.Release|ARM.Build.0 = Release|Any CPU
		{529F7E6F-EA83-4338-BAA1-0959E8E63655}.Release|iPhone.ActiveCfg = Release|Any CPU
		{529F7E6F-EA83-4338-BAA1-0959E8E63655}.Release|iPhone.Build.0 = Release|Any CPU
		{529F7E6F-EA83-4338-BAA1-0959E8E63655}.Release|iPhoneSimulator.ActiveCfg = Release|Any CPU
		{529F7E6F-EA83-4338-BAA1-0959E8E63655}.Release|iPhoneSimulator.Build.0 = Release|Any CPU
		{529F7E6F-EA83-4338-BAA1-0959E8E63655}.Release|x64.ActiveCfg = Release|Any CPU
		{529F7E6F-EA83-4338-BAA1-0959E8E63655}.Release|x64.Build.0 = Release|Any CPU
		{529F7E6F-EA83-4338-BAA1-0959E8E63655}.Release|x86.ActiveCfg = Release|Any CPU
		{529F7E6F-EA83-4338-BAA1-0959E8E63655}.Release|x86.Build.0 = Release|Any CPU
		{6FE0A980-A6B6-4CBB-8AA9-B7AB1A2D71B8}.Ad-Hoc|Any CPU.ActiveCfg = Debug|Any CPU
		{6FE0A980-A6B6-4CBB-8AA9-B7AB1A2D71B8}.Ad-Hoc|Any CPU.Build.0 = Debug|Any CPU
		{6FE0A980-A6B6-4CBB-8AA9-B7AB1A2D71B8}.Ad-Hoc|ARM.ActiveCfg = Debug|Any CPU
		{6FE0A980-A6B6-4CBB-8AA9-B7AB1A2D71B8}.Ad-Hoc|ARM.Build.0 = Debug|Any CPU
		{6FE0A980-A6B6-4CBB-8AA9-B7AB1A2D71B8}.Ad-Hoc|iPhone.ActiveCfg = Debug|Any CPU
		{6FE0A980-A6B6-4CBB-8AA9-B7AB1A2D71B8}.Ad-Hoc|iPhone.Build.0 = Debug|Any CPU
		{6FE0A980-A6B6-4CBB-8AA9-B7AB1A2D71B8}.Ad-Hoc|iPhoneSimulator.ActiveCfg = Debug|Any CPU
		{6FE0A980-A6B6-4CBB-8AA9-B7AB1A2D71B8}.Ad-Hoc|iPhoneSimulator.Build.0 = Debug|Any CPU
		{6FE0A980-A6B6-4CBB-8AA9-B7AB1A2D71B8}.Ad-Hoc|x64.ActiveCfg = Debug|Any CPU
		{6FE0A980-A6B6-4CBB-8AA9-B7AB1A2D71B8}.Ad-Hoc|x64.Build.0 = Debug|Any CPU
		{6FE0A980-A6B6-4CBB-8AA9-B7AB1A2D71B8}.Ad-Hoc|x86.ActiveCfg = Debug|Any CPU
		{6FE0A980-A6B6-4CBB-8AA9-B7AB1A2D71B8}.Ad-Hoc|x86.Build.0 = Debug|Any CPU
		{6FE0A980-A6B6-4CBB-8AA9-B7AB1A2D71B8}.AppStore|Any CPU.ActiveCfg = Debug|Any CPU
		{6FE0A980-A6B6-4CBB-8AA9-B7AB1A2D71B8}.AppStore|Any CPU.Build.0 = Debug|Any CPU
		{6FE0A980-A6B6-4CBB-8AA9-B7AB1A2D71B8}.AppStore|ARM.ActiveCfg = Debug|Any CPU
		{6FE0A980-A6B6-4CBB-8AA9-B7AB1A2D71B8}.AppStore|ARM.Build.0 = Debug|Any CPU
		{6FE0A980-A6B6-4CBB-8AA9-B7AB1A2D71B8}.AppStore|iPhone.ActiveCfg = Debug|Any CPU
		{6FE0A980-A6B6-4CBB-8AA9-B7AB1A2D71B8}.AppStore|iPhone.Build.0 = Debug|Any CPU
		{6FE0A980-A6B6-4CBB-8AA9-B7AB1A2D71B8}.AppStore|iPhoneSimulator.ActiveCfg = Debug|Any CPU
		{6FE0A980-A6B6-4CBB-8AA9-B7AB1A2D71B8}.AppStore|iPhoneSimulator.Build.0 = Debug|Any CPU
		{6FE0A980-A6B6-4CBB-8AA9-B7AB1A2D71B8}.AppStore|x64.ActiveCfg = Debug|Any CPU
		{6FE0A980-A6B6-4CBB-8AA9-B7AB1A2D71B8}.AppStore|x64.Build.0 = Debug|Any CPU
		{6FE0A980-A6B6-4CBB-8AA9-B7AB1A2D71B8}.AppStore|x86.ActiveCfg = Debug|Any CPU
		{6FE0A980-A6B6-4CBB-8AA9-B7AB1A2D71B8}.AppStore|x86.Build.0 = Debug|Any CPU
		{6FE0A980-A6B6-4CBB-8AA9-B7AB1A2D71B8}.Debug|Any CPU.ActiveCfg = Debug|Any CPU
		{6FE0A980-A6B6-4CBB-8AA9-B7AB1A2D71B8}.Debug|Any CPU.Build.0 = Debug|Any CPU
		{6FE0A980-A6B6-4CBB-8AA9-B7AB1A2D71B8}.Debug|ARM.ActiveCfg = Debug|Any CPU
		{6FE0A980-A6B6-4CBB-8AA9-B7AB1A2D71B8}.Debug|ARM.Build.0 = Debug|Any CPU
		{6FE0A980-A6B6-4CBB-8AA9-B7AB1A2D71B8}.Debug|iPhone.ActiveCfg = Debug|Any CPU
		{6FE0A980-A6B6-4CBB-8AA9-B7AB1A2D71B8}.Debug|iPhone.Build.0 = Debug|Any CPU
		{6FE0A980-A6B6-4CBB-8AA9-B7AB1A2D71B8}.Debug|iPhoneSimulator.ActiveCfg = Debug|Any CPU
		{6FE0A980-A6B6-4CBB-8AA9-B7AB1A2D71B8}.Debug|iPhoneSimulator.Build.0 = Debug|Any CPU
		{6FE0A980-A6B6-4CBB-8AA9-B7AB1A2D71B8}.Debug|x64.ActiveCfg = Debug|Any CPU
		{6FE0A980-A6B6-4CBB-8AA9-B7AB1A2D71B8}.Debug|x64.Build.0 = Debug|Any CPU
		{6FE0A980-A6B6-4CBB-8AA9-B7AB1A2D71B8}.Debug|x86.ActiveCfg = Debug|Any CPU
		{6FE0A980-A6B6-4CBB-8AA9-B7AB1A2D71B8}.Debug|x86.Build.0 = Debug|Any CPU
		{6FE0A980-A6B6-4CBB-8AA9-B7AB1A2D71B8}.Release|Any CPU.ActiveCfg = Release|Any CPU
		{6FE0A980-A6B6-4CBB-8AA9-B7AB1A2D71B8}.Release|Any CPU.Build.0 = Release|Any CPU
		{6FE0A980-A6B6-4CBB-8AA9-B7AB1A2D71B8}.Release|ARM.ActiveCfg = Release|Any CPU
		{6FE0A980-A6B6-4CBB-8AA9-B7AB1A2D71B8}.Release|ARM.Build.0 = Release|Any CPU
		{6FE0A980-A6B6-4CBB-8AA9-B7AB1A2D71B8}.Release|iPhone.ActiveCfg = Release|Any CPU
		{6FE0A980-A6B6-4CBB-8AA9-B7AB1A2D71B8}.Release|iPhone.Build.0 = Release|Any CPU
		{6FE0A980-A6B6-4CBB-8AA9-B7AB1A2D71B8}.Release|iPhoneSimulator.ActiveCfg = Release|Any CPU
		{6FE0A980-A6B6-4CBB-8AA9-B7AB1A2D71B8}.Release|iPhoneSimulator.Build.0 = Release|Any CPU
		{6FE0A980-A6B6-4CBB-8AA9-B7AB1A2D71B8}.Release|x64.ActiveCfg = Release|Any CPU
		{6FE0A980-A6B6-4CBB-8AA9-B7AB1A2D71B8}.Release|x64.Build.0 = Release|Any CPU
		{6FE0A980-A6B6-4CBB-8AA9-B7AB1A2D71B8}.Release|x86.ActiveCfg = Release|Any CPU
		{6FE0A980-A6B6-4CBB-8AA9-B7AB1A2D71B8}.Release|x86.Build.0 = Release|Any CPU
		{E3BFFB16-CA40-4003-82C8-7A985A695708}.Ad-Hoc|Any CPU.ActiveCfg = Debug|Any CPU
		{E3BFFB16-CA40-4003-82C8-7A985A695708}.Ad-Hoc|Any CPU.Build.0 = Debug|Any CPU
		{E3BFFB16-CA40-4003-82C8-7A985A695708}.Ad-Hoc|ARM.ActiveCfg = Debug|Any CPU
		{E3BFFB16-CA40-4003-82C8-7A985A695708}.Ad-Hoc|ARM.Build.0 = Debug|Any CPU
		{E3BFFB16-CA40-4003-82C8-7A985A695708}.Ad-Hoc|iPhone.ActiveCfg = Debug|Any CPU
		{E3BFFB16-CA40-4003-82C8-7A985A695708}.Ad-Hoc|iPhone.Build.0 = Debug|Any CPU
		{E3BFFB16-CA40-4003-82C8-7A985A695708}.Ad-Hoc|iPhoneSimulator.ActiveCfg = Debug|Any CPU
		{E3BFFB16-CA40-4003-82C8-7A985A695708}.Ad-Hoc|iPhoneSimulator.Build.0 = Debug|Any CPU
		{E3BFFB16-CA40-4003-82C8-7A985A695708}.Ad-Hoc|x64.ActiveCfg = Debug|Any CPU
		{E3BFFB16-CA40-4003-82C8-7A985A695708}.Ad-Hoc|x64.Build.0 = Debug|Any CPU
		{E3BFFB16-CA40-4003-82C8-7A985A695708}.Ad-Hoc|x86.ActiveCfg = Debug|Any CPU
		{E3BFFB16-CA40-4003-82C8-7A985A695708}.Ad-Hoc|x86.Build.0 = Debug|Any CPU
		{E3BFFB16-CA40-4003-82C8-7A985A695708}.AppStore|Any CPU.ActiveCfg = Debug|Any CPU
		{E3BFFB16-CA40-4003-82C8-7A985A695708}.AppStore|Any CPU.Build.0 = Debug|Any CPU
		{E3BFFB16-CA40-4003-82C8-7A985A695708}.AppStore|ARM.ActiveCfg = Debug|Any CPU
		{E3BFFB16-CA40-4003-82C8-7A985A695708}.AppStore|ARM.Build.0 = Debug|Any CPU
		{E3BFFB16-CA40-4003-82C8-7A985A695708}.AppStore|iPhone.ActiveCfg = Debug|Any CPU
		{E3BFFB16-CA40-4003-82C8-7A985A695708}.AppStore|iPhone.Build.0 = Debug|Any CPU
		{E3BFFB16-CA40-4003-82C8-7A985A695708}.AppStore|iPhoneSimulator.ActiveCfg = Debug|Any CPU
		{E3BFFB16-CA40-4003-82C8-7A985A695708}.AppStore|iPhoneSimulator.Build.0 = Debug|Any CPU
		{E3BFFB16-CA40-4003-82C8-7A985A695708}.AppStore|x64.ActiveCfg = Debug|Any CPU
		{E3BFFB16-CA40-4003-82C8-7A985A695708}.AppStore|x64.Build.0 = Debug|Any CPU
		{E3BFFB16-CA40-4003-82C8-7A985A695708}.AppStore|x86.ActiveCfg = Debug|Any CPU
		{E3BFFB16-CA40-4003-82C8-7A985A695708}.AppStore|x86.Build.0 = Debug|Any CPU
		{E3BFFB16-CA40-4003-82C8-7A985A695708}.Debug|Any CPU.ActiveCfg = Debug|Any CPU
		{E3BFFB16-CA40-4003-82C8-7A985A695708}.Debug|Any CPU.Build.0 = Debug|Any CPU
		{E3BFFB16-CA40-4003-82C8-7A985A695708}.Debug|ARM.ActiveCfg = Debug|Any CPU
		{E3BFFB16-CA40-4003-82C8-7A985A695708}.Debug|ARM.Build.0 = Debug|Any CPU
		{E3BFFB16-CA40-4003-82C8-7A985A695708}.Debug|iPhone.ActiveCfg = Debug|Any CPU
		{E3BFFB16-CA40-4003-82C8-7A985A695708}.Debug|iPhone.Build.0 = Debug|Any CPU
		{E3BFFB16-CA40-4003-82C8-7A985A695708}.Debug|iPhoneSimulator.ActiveCfg = Debug|Any CPU
		{E3BFFB16-CA40-4003-82C8-7A985A695708}.Debug|iPhoneSimulator.Build.0 = Debug|Any CPU
		{E3BFFB16-CA40-4003-82C8-7A985A695708}.Debug|x64.ActiveCfg = Debug|Any CPU
		{E3BFFB16-CA40-4003-82C8-7A985A695708}.Debug|x64.Build.0 = Debug|Any CPU
		{E3BFFB16-CA40-4003-82C8-7A985A695708}.Debug|x86.ActiveCfg = Debug|Any CPU
		{E3BFFB16-CA40-4003-82C8-7A985A695708}.Debug|x86.Build.0 = Debug|Any CPU
		{E3BFFB16-CA40-4003-82C8-7A985A695708}.Release|Any CPU.ActiveCfg = Release|Any CPU
		{E3BFFB16-CA40-4003-82C8-7A985A695708}.Release|Any CPU.Build.0 = Release|Any CPU
		{E3BFFB16-CA40-4003-82C8-7A985A695708}.Release|ARM.ActiveCfg = Release|Any CPU
		{E3BFFB16-CA40-4003-82C8-7A985A695708}.Release|ARM.Build.0 = Release|Any CPU
		{E3BFFB16-CA40-4003-82C8-7A985A695708}.Release|iPhone.ActiveCfg = Release|Any CPU
		{E3BFFB16-CA40-4003-82C8-7A985A695708}.Release|iPhone.Build.0 = Release|Any CPU
		{E3BFFB16-CA40-4003-82C8-7A985A695708}.Release|iPhoneSimulator.ActiveCfg = Release|Any CPU
		{E3BFFB16-CA40-4003-82C8-7A985A695708}.Release|iPhoneSimulator.Build.0 = Release|Any CPU
		{E3BFFB16-CA40-4003-82C8-7A985A695708}.Release|x64.ActiveCfg = Release|Any CPU
		{E3BFFB16-CA40-4003-82C8-7A985A695708}.Release|x64.Build.0 = Release|Any CPU
		{E3BFFB16-CA40-4003-82C8-7A985A695708}.Release|x86.ActiveCfg = Release|Any CPU
		{E3BFFB16-CA40-4003-82C8-7A985A695708}.Release|x86.Build.0 = Release|Any CPU
		{7012EEE5-6B9B-4089-80C6-1926AFCD37E4}.Ad-Hoc|Any CPU.ActiveCfg = Debug|Any CPU
		{7012EEE5-6B9B-4089-80C6-1926AFCD37E4}.Ad-Hoc|Any CPU.Build.0 = Debug|Any CPU
		{7012EEE5-6B9B-4089-80C6-1926AFCD37E4}.Ad-Hoc|ARM.ActiveCfg = Debug|Any CPU
		{7012EEE5-6B9B-4089-80C6-1926AFCD37E4}.Ad-Hoc|ARM.Build.0 = Debug|Any CPU
		{7012EEE5-6B9B-4089-80C6-1926AFCD37E4}.Ad-Hoc|iPhone.ActiveCfg = Debug|Any CPU
		{7012EEE5-6B9B-4089-80C6-1926AFCD37E4}.Ad-Hoc|iPhone.Build.0 = Debug|Any CPU
		{7012EEE5-6B9B-4089-80C6-1926AFCD37E4}.Ad-Hoc|iPhoneSimulator.ActiveCfg = Debug|Any CPU
		{7012EEE5-6B9B-4089-80C6-1926AFCD37E4}.Ad-Hoc|iPhoneSimulator.Build.0 = Debug|Any CPU
		{7012EEE5-6B9B-4089-80C6-1926AFCD37E4}.Ad-Hoc|x64.ActiveCfg = Debug|Any CPU
		{7012EEE5-6B9B-4089-80C6-1926AFCD37E4}.Ad-Hoc|x64.Build.0 = Debug|Any CPU
		{7012EEE5-6B9B-4089-80C6-1926AFCD37E4}.Ad-Hoc|x86.ActiveCfg = Debug|Any CPU
		{7012EEE5-6B9B-4089-80C6-1926AFCD37E4}.Ad-Hoc|x86.Build.0 = Debug|Any CPU
		{7012EEE5-6B9B-4089-80C6-1926AFCD37E4}.AppStore|Any CPU.ActiveCfg = Debug|Any CPU
		{7012EEE5-6B9B-4089-80C6-1926AFCD37E4}.AppStore|Any CPU.Build.0 = Debug|Any CPU
		{7012EEE5-6B9B-4089-80C6-1926AFCD37E4}.AppStore|ARM.ActiveCfg = Debug|Any CPU
		{7012EEE5-6B9B-4089-80C6-1926AFCD37E4}.AppStore|ARM.Build.0 = Debug|Any CPU
		{7012EEE5-6B9B-4089-80C6-1926AFCD37E4}.AppStore|iPhone.ActiveCfg = Debug|Any CPU
		{7012EEE5-6B9B-4089-80C6-1926AFCD37E4}.AppStore|iPhone.Build.0 = Debug|Any CPU
		{7012EEE5-6B9B-4089-80C6-1926AFCD37E4}.AppStore|iPhoneSimulator.ActiveCfg = Debug|Any CPU
		{7012EEE5-6B9B-4089-80C6-1926AFCD37E4}.AppStore|iPhoneSimulator.Build.0 = Debug|Any CPU
		{7012EEE5-6B9B-4089-80C6-1926AFCD37E4}.AppStore|x64.ActiveCfg = Debug|Any CPU
		{7012EEE5-6B9B-4089-80C6-1926AFCD37E4}.AppStore|x64.Build.0 = Debug|Any CPU
		{7012EEE5-6B9B-4089-80C6-1926AFCD37E4}.AppStore|x86.ActiveCfg = Debug|Any CPU
		{7012EEE5-6B9B-4089-80C6-1926AFCD37E4}.AppStore|x86.Build.0 = Debug|Any CPU
		{7012EEE5-6B9B-4089-80C6-1926AFCD37E4}.Debug|Any CPU.ActiveCfg = Debug|Any CPU
		{7012EEE5-6B9B-4089-80C6-1926AFCD37E4}.Debug|Any CPU.Build.0 = Debug|Any CPU
		{7012EEE5-6B9B-4089-80C6-1926AFCD37E4}.Debug|ARM.ActiveCfg = Debug|Any CPU
		{7012EEE5-6B9B-4089-80C6-1926AFCD37E4}.Debug|ARM.Build.0 = Debug|Any CPU
		{7012EEE5-6B9B-4089-80C6-1926AFCD37E4}.Debug|iPhone.ActiveCfg = Debug|Any CPU
		{7012EEE5-6B9B-4089-80C6-1926AFCD37E4}.Debug|iPhone.Build.0 = Debug|Any CPU
		{7012EEE5-6B9B-4089-80C6-1926AFCD37E4}.Debug|iPhoneSimulator.ActiveCfg = Debug|Any CPU
		{7012EEE5-6B9B-4089-80C6-1926AFCD37E4}.Debug|iPhoneSimulator.Build.0 = Debug|Any CPU
		{7012EEE5-6B9B-4089-80C6-1926AFCD37E4}.Debug|x64.ActiveCfg = Debug|Any CPU
		{7012EEE5-6B9B-4089-80C6-1926AFCD37E4}.Debug|x64.Build.0 = Debug|Any CPU
		{7012EEE5-6B9B-4089-80C6-1926AFCD37E4}.Debug|x86.ActiveCfg = Debug|Any CPU
		{7012EEE5-6B9B-4089-80C6-1926AFCD37E4}.Debug|x86.Build.0 = Debug|Any CPU
		{7012EEE5-6B9B-4089-80C6-1926AFCD37E4}.Release|Any CPU.ActiveCfg = Release|Any CPU
		{7012EEE5-6B9B-4089-80C6-1926AFCD37E4}.Release|Any CPU.Build.0 = Release|Any CPU
		{7012EEE5-6B9B-4089-80C6-1926AFCD37E4}.Release|ARM.ActiveCfg = Release|Any CPU
		{7012EEE5-6B9B-4089-80C6-1926AFCD37E4}.Release|ARM.Build.0 = Release|Any CPU
		{7012EEE5-6B9B-4089-80C6-1926AFCD37E4}.Release|iPhone.ActiveCfg = Release|Any CPU
		{7012EEE5-6B9B-4089-80C6-1926AFCD37E4}.Release|iPhone.Build.0 = Release|Any CPU
		{7012EEE5-6B9B-4089-80C6-1926AFCD37E4}.Release|iPhoneSimulator.ActiveCfg = Release|Any CPU
		{7012EEE5-6B9B-4089-80C6-1926AFCD37E4}.Release|iPhoneSimulator.Build.0 = Release|Any CPU
		{7012EEE5-6B9B-4089-80C6-1926AFCD37E4}.Release|x64.ActiveCfg = Release|Any CPU
		{7012EEE5-6B9B-4089-80C6-1926AFCD37E4}.Release|x64.Build.0 = Release|Any CPU
		{7012EEE5-6B9B-4089-80C6-1926AFCD37E4}.Release|x86.ActiveCfg = Release|Any CPU
		{7012EEE5-6B9B-4089-80C6-1926AFCD37E4}.Release|x86.Build.0 = Release|Any CPU
		{1A3FCA05-8967-4CE6-9CCA-ACEAFC32BB7C}.Ad-Hoc|Any CPU.ActiveCfg = Debug|Any CPU
		{1A3FCA05-8967-4CE6-9CCA-ACEAFC32BB7C}.Ad-Hoc|Any CPU.Build.0 = Debug|Any CPU
		{1A3FCA05-8967-4CE6-9CCA-ACEAFC32BB7C}.Ad-Hoc|ARM.ActiveCfg = Debug|Any CPU
		{1A3FCA05-8967-4CE6-9CCA-ACEAFC32BB7C}.Ad-Hoc|ARM.Build.0 = Debug|Any CPU
		{1A3FCA05-8967-4CE6-9CCA-ACEAFC32BB7C}.Ad-Hoc|iPhone.ActiveCfg = Debug|Any CPU
		{1A3FCA05-8967-4CE6-9CCA-ACEAFC32BB7C}.Ad-Hoc|iPhone.Build.0 = Debug|Any CPU
		{1A3FCA05-8967-4CE6-9CCA-ACEAFC32BB7C}.Ad-Hoc|iPhoneSimulator.ActiveCfg = Debug|Any CPU
		{1A3FCA05-8967-4CE6-9CCA-ACEAFC32BB7C}.Ad-Hoc|iPhoneSimulator.Build.0 = Debug|Any CPU
		{1A3FCA05-8967-4CE6-9CCA-ACEAFC32BB7C}.Ad-Hoc|x64.ActiveCfg = Debug|Any CPU
		{1A3FCA05-8967-4CE6-9CCA-ACEAFC32BB7C}.Ad-Hoc|x64.Build.0 = Debug|Any CPU
		{1A3FCA05-8967-4CE6-9CCA-ACEAFC32BB7C}.Ad-Hoc|x86.ActiveCfg = Debug|Any CPU
		{1A3FCA05-8967-4CE6-9CCA-ACEAFC32BB7C}.Ad-Hoc|x86.Build.0 = Debug|Any CPU
		{1A3FCA05-8967-4CE6-9CCA-ACEAFC32BB7C}.AppStore|Any CPU.ActiveCfg = Debug|Any CPU
		{1A3FCA05-8967-4CE6-9CCA-ACEAFC32BB7C}.AppStore|Any CPU.Build.0 = Debug|Any CPU
		{1A3FCA05-8967-4CE6-9CCA-ACEAFC32BB7C}.AppStore|ARM.ActiveCfg = Debug|Any CPU
		{1A3FCA05-8967-4CE6-9CCA-ACEAFC32BB7C}.AppStore|ARM.Build.0 = Debug|Any CPU
		{1A3FCA05-8967-4CE6-9CCA-ACEAFC32BB7C}.AppStore|iPhone.ActiveCfg = Debug|Any CPU
		{1A3FCA05-8967-4CE6-9CCA-ACEAFC32BB7C}.AppStore|iPhone.Build.0 = Debug|Any CPU
		{1A3FCA05-8967-4CE6-9CCA-ACEAFC32BB7C}.AppStore|iPhoneSimulator.ActiveCfg = Debug|Any CPU
		{1A3FCA05-8967-4CE6-9CCA-ACEAFC32BB7C}.AppStore|iPhoneSimulator.Build.0 = Debug|Any CPU
		{1A3FCA05-8967-4CE6-9CCA-ACEAFC32BB7C}.AppStore|x64.ActiveCfg = Debug|Any CPU
		{1A3FCA05-8967-4CE6-9CCA-ACEAFC32BB7C}.AppStore|x64.Build.0 = Debug|Any CPU
		{1A3FCA05-8967-4CE6-9CCA-ACEAFC32BB7C}.AppStore|x86.ActiveCfg = Debug|Any CPU
		{1A3FCA05-8967-4CE6-9CCA-ACEAFC32BB7C}.AppStore|x86.Build.0 = Debug|Any CPU
		{1A3FCA05-8967-4CE6-9CCA-ACEAFC32BB7C}.Debug|Any CPU.ActiveCfg = Debug|Any CPU
		{1A3FCA05-8967-4CE6-9CCA-ACEAFC32BB7C}.Debug|Any CPU.Build.0 = Debug|Any CPU
		{1A3FCA05-8967-4CE6-9CCA-ACEAFC32BB7C}.Debug|ARM.ActiveCfg = Debug|Any CPU
		{1A3FCA05-8967-4CE6-9CCA-ACEAFC32BB7C}.Debug|ARM.Build.0 = Debug|Any CPU
		{1A3FCA05-8967-4CE6-9CCA-ACEAFC32BB7C}.Debug|iPhone.ActiveCfg = Debug|Any CPU
		{1A3FCA05-8967-4CE6-9CCA-ACEAFC32BB7C}.Debug|iPhone.Build.0 = Debug|Any CPU
		{1A3FCA05-8967-4CE6-9CCA-ACEAFC32BB7C}.Debug|iPhoneSimulator.ActiveCfg = Debug|Any CPU
		{1A3FCA05-8967-4CE6-9CCA-ACEAFC32BB7C}.Debug|iPhoneSimulator.Build.0 = Debug|Any CPU
		{1A3FCA05-8967-4CE6-9CCA-ACEAFC32BB7C}.Debug|x64.ActiveCfg = Debug|Any CPU
		{1A3FCA05-8967-4CE6-9CCA-ACEAFC32BB7C}.Debug|x64.Build.0 = Debug|Any CPU
		{1A3FCA05-8967-4CE6-9CCA-ACEAFC32BB7C}.Debug|x86.ActiveCfg = Debug|Any CPU
		{1A3FCA05-8967-4CE6-9CCA-ACEAFC32BB7C}.Debug|x86.Build.0 = Debug|Any CPU
		{1A3FCA05-8967-4CE6-9CCA-ACEAFC32BB7C}.Release|Any CPU.ActiveCfg = Release|Any CPU
		{1A3FCA05-8967-4CE6-9CCA-ACEAFC32BB7C}.Release|Any CPU.Build.0 = Release|Any CPU
		{1A3FCA05-8967-4CE6-9CCA-ACEAFC32BB7C}.Release|ARM.ActiveCfg = Release|Any CPU
		{1A3FCA05-8967-4CE6-9CCA-ACEAFC32BB7C}.Release|ARM.Build.0 = Release|Any CPU
		{1A3FCA05-8967-4CE6-9CCA-ACEAFC32BB7C}.Release|iPhone.ActiveCfg = Release|Any CPU
		{1A3FCA05-8967-4CE6-9CCA-ACEAFC32BB7C}.Release|iPhone.Build.0 = Release|Any CPU
		{1A3FCA05-8967-4CE6-9CCA-ACEAFC32BB7C}.Release|iPhoneSimulator.ActiveCfg = Release|Any CPU
		{1A3FCA05-8967-4CE6-9CCA-ACEAFC32BB7C}.Release|iPhoneSimulator.Build.0 = Release|Any CPU
		{1A3FCA05-8967-4CE6-9CCA-ACEAFC32BB7C}.Release|x64.ActiveCfg = Release|Any CPU
		{1A3FCA05-8967-4CE6-9CCA-ACEAFC32BB7C}.Release|x64.Build.0 = Release|Any CPU
		{1A3FCA05-8967-4CE6-9CCA-ACEAFC32BB7C}.Release|x86.ActiveCfg = Release|Any CPU
		{1A3FCA05-8967-4CE6-9CCA-ACEAFC32BB7C}.Release|x86.Build.0 = Release|Any CPU
		{15B7D294-1DF6-4F20-AABC-1037E930F897}.Ad-Hoc|Any CPU.ActiveCfg = Debug|Any CPU
		{15B7D294-1DF6-4F20-AABC-1037E930F897}.Ad-Hoc|Any CPU.Build.0 = Debug|Any CPU
		{15B7D294-1DF6-4F20-AABC-1037E930F897}.Ad-Hoc|ARM.ActiveCfg = Debug|Any CPU
		{15B7D294-1DF6-4F20-AABC-1037E930F897}.Ad-Hoc|ARM.Build.0 = Debug|Any CPU
		{15B7D294-1DF6-4F20-AABC-1037E930F897}.Ad-Hoc|iPhone.ActiveCfg = Debug|Any CPU
		{15B7D294-1DF6-4F20-AABC-1037E930F897}.Ad-Hoc|iPhone.Build.0 = Debug|Any CPU
		{15B7D294-1DF6-4F20-AABC-1037E930F897}.Ad-Hoc|iPhoneSimulator.ActiveCfg = Debug|Any CPU
		{15B7D294-1DF6-4F20-AABC-1037E930F897}.Ad-Hoc|iPhoneSimulator.Build.0 = Debug|Any CPU
		{15B7D294-1DF6-4F20-AABC-1037E930F897}.Ad-Hoc|x64.ActiveCfg = Debug|Any CPU
		{15B7D294-1DF6-4F20-AABC-1037E930F897}.Ad-Hoc|x64.Build.0 = Debug|Any CPU
		{15B7D294-1DF6-4F20-AABC-1037E930F897}.Ad-Hoc|x86.ActiveCfg = Debug|Any CPU
		{15B7D294-1DF6-4F20-AABC-1037E930F897}.Ad-Hoc|x86.Build.0 = Debug|Any CPU
		{15B7D294-1DF6-4F20-AABC-1037E930F897}.AppStore|Any CPU.ActiveCfg = Debug|Any CPU
		{15B7D294-1DF6-4F20-AABC-1037E930F897}.AppStore|Any CPU.Build.0 = Debug|Any CPU
		{15B7D294-1DF6-4F20-AABC-1037E930F897}.AppStore|ARM.ActiveCfg = Debug|Any CPU
		{15B7D294-1DF6-4F20-AABC-1037E930F897}.AppStore|ARM.Build.0 = Debug|Any CPU
		{15B7D294-1DF6-4F20-AABC-1037E930F897}.AppStore|iPhone.ActiveCfg = Debug|Any CPU
		{15B7D294-1DF6-4F20-AABC-1037E930F897}.AppStore|iPhone.Build.0 = Debug|Any CPU
		{15B7D294-1DF6-4F20-AABC-1037E930F897}.AppStore|iPhoneSimulator.ActiveCfg = Debug|Any CPU
		{15B7D294-1DF6-4F20-AABC-1037E930F897}.AppStore|iPhoneSimulator.Build.0 = Debug|Any CPU
		{15B7D294-1DF6-4F20-AABC-1037E930F897}.AppStore|x64.ActiveCfg = Debug|Any CPU
		{15B7D294-1DF6-4F20-AABC-1037E930F897}.AppStore|x64.Build.0 = Debug|Any CPU
		{15B7D294-1DF6-4F20-AABC-1037E930F897}.AppStore|x86.ActiveCfg = Debug|Any CPU
		{15B7D294-1DF6-4F20-AABC-1037E930F897}.AppStore|x86.Build.0 = Debug|Any CPU
		{15B7D294-1DF6-4F20-AABC-1037E930F897}.Debug|Any CPU.ActiveCfg = Debug|Any CPU
		{15B7D294-1DF6-4F20-AABC-1037E930F897}.Debug|Any CPU.Build.0 = Debug|Any CPU
		{15B7D294-1DF6-4F20-AABC-1037E930F897}.Debug|ARM.ActiveCfg = Debug|Any CPU
		{15B7D294-1DF6-4F20-AABC-1037E930F897}.Debug|ARM.Build.0 = Debug|Any CPU
		{15B7D294-1DF6-4F20-AABC-1037E930F897}.Debug|iPhone.ActiveCfg = Debug|Any CPU
		{15B7D294-1DF6-4F20-AABC-1037E930F897}.Debug|iPhone.Build.0 = Debug|Any CPU
		{15B7D294-1DF6-4F20-AABC-1037E930F897}.Debug|iPhoneSimulator.ActiveCfg = Debug|Any CPU
		{15B7D294-1DF6-4F20-AABC-1037E930F897}.Debug|iPhoneSimulator.Build.0 = Debug|Any CPU
		{15B7D294-1DF6-4F20-AABC-1037E930F897}.Debug|x64.ActiveCfg = Debug|Any CPU
		{15B7D294-1DF6-4F20-AABC-1037E930F897}.Debug|x64.Build.0 = Debug|Any CPU
		{15B7D294-1DF6-4F20-AABC-1037E930F897}.Debug|x86.ActiveCfg = Debug|Any CPU
		{15B7D294-1DF6-4F20-AABC-1037E930F897}.Debug|x86.Build.0 = Debug|Any CPU
		{15B7D294-1DF6-4F20-AABC-1037E930F897}.Release|Any CPU.ActiveCfg = Release|Any CPU
		{15B7D294-1DF6-4F20-AABC-1037E930F897}.Release|Any CPU.Build.0 = Release|Any CPU
		{15B7D294-1DF6-4F20-AABC-1037E930F897}.Release|ARM.ActiveCfg = Release|Any CPU
		{15B7D294-1DF6-4F20-AABC-1037E930F897}.Release|ARM.Build.0 = Release|Any CPU
		{15B7D294-1DF6-4F20-AABC-1037E930F897}.Release|iPhone.ActiveCfg = Release|Any CPU
		{15B7D294-1DF6-4F20-AABC-1037E930F897}.Release|iPhone.Build.0 = Release|Any CPU
		{15B7D294-1DF6-4F20-AABC-1037E930F897}.Release|iPhoneSimulator.ActiveCfg = Release|Any CPU
		{15B7D294-1DF6-4F20-AABC-1037E930F897}.Release|iPhoneSimulator.Build.0 = Release|Any CPU
		{15B7D294-1DF6-4F20-AABC-1037E930F897}.Release|x64.ActiveCfg = Release|Any CPU
		{15B7D294-1DF6-4F20-AABC-1037E930F897}.Release|x64.Build.0 = Release|Any CPU
		{15B7D294-1DF6-4F20-AABC-1037E930F897}.Release|x86.ActiveCfg = Release|Any CPU
		{15B7D294-1DF6-4F20-AABC-1037E930F897}.Release|x86.Build.0 = Release|Any CPU
		{E77EA333-6B78-4A9E-8218-C99D3D5432DE}.Ad-Hoc|Any CPU.ActiveCfg = Debug|Any CPU
		{E77EA333-6B78-4A9E-8218-C99D3D5432DE}.Ad-Hoc|Any CPU.Build.0 = Debug|Any CPU
		{E77EA333-6B78-4A9E-8218-C99D3D5432DE}.Ad-Hoc|ARM.ActiveCfg = Debug|Any CPU
		{E77EA333-6B78-4A9E-8218-C99D3D5432DE}.Ad-Hoc|ARM.Build.0 = Debug|Any CPU
		{E77EA333-6B78-4A9E-8218-C99D3D5432DE}.Ad-Hoc|iPhone.ActiveCfg = Debug|Any CPU
		{E77EA333-6B78-4A9E-8218-C99D3D5432DE}.Ad-Hoc|iPhone.Build.0 = Debug|Any CPU
		{E77EA333-6B78-4A9E-8218-C99D3D5432DE}.Ad-Hoc|iPhoneSimulator.ActiveCfg = Debug|Any CPU
		{E77EA333-6B78-4A9E-8218-C99D3D5432DE}.Ad-Hoc|iPhoneSimulator.Build.0 = Debug|Any CPU
		{E77EA333-6B78-4A9E-8218-C99D3D5432DE}.Ad-Hoc|x64.ActiveCfg = Debug|Any CPU
		{E77EA333-6B78-4A9E-8218-C99D3D5432DE}.Ad-Hoc|x64.Build.0 = Debug|Any CPU
		{E77EA333-6B78-4A9E-8218-C99D3D5432DE}.Ad-Hoc|x86.ActiveCfg = Debug|Any CPU
		{E77EA333-6B78-4A9E-8218-C99D3D5432DE}.Ad-Hoc|x86.Build.0 = Debug|Any CPU
		{E77EA333-6B78-4A9E-8218-C99D3D5432DE}.AppStore|Any CPU.ActiveCfg = Debug|Any CPU
		{E77EA333-6B78-4A9E-8218-C99D3D5432DE}.AppStore|Any CPU.Build.0 = Debug|Any CPU
		{E77EA333-6B78-4A9E-8218-C99D3D5432DE}.AppStore|ARM.ActiveCfg = Debug|Any CPU
		{E77EA333-6B78-4A9E-8218-C99D3D5432DE}.AppStore|ARM.Build.0 = Debug|Any CPU
		{E77EA333-6B78-4A9E-8218-C99D3D5432DE}.AppStore|iPhone.ActiveCfg = Debug|Any CPU
		{E77EA333-6B78-4A9E-8218-C99D3D5432DE}.AppStore|iPhone.Build.0 = Debug|Any CPU
		{E77EA333-6B78-4A9E-8218-C99D3D5432DE}.AppStore|iPhoneSimulator.ActiveCfg = Debug|Any CPU
		{E77EA333-6B78-4A9E-8218-C99D3D5432DE}.AppStore|iPhoneSimulator.Build.0 = Debug|Any CPU
		{E77EA333-6B78-4A9E-8218-C99D3D5432DE}.AppStore|x64.ActiveCfg = Debug|Any CPU
		{E77EA333-6B78-4A9E-8218-C99D3D5432DE}.AppStore|x64.Build.0 = Debug|Any CPU
		{E77EA333-6B78-4A9E-8218-C99D3D5432DE}.AppStore|x86.ActiveCfg = Debug|Any CPU
		{E77EA333-6B78-4A9E-8218-C99D3D5432DE}.AppStore|x86.Build.0 = Debug|Any CPU
		{E77EA333-6B78-4A9E-8218-C99D3D5432DE}.Debug|Any CPU.ActiveCfg = Debug|Any CPU
		{E77EA333-6B78-4A9E-8218-C99D3D5432DE}.Debug|Any CPU.Build.0 = Debug|Any CPU
		{E77EA333-6B78-4A9E-8218-C99D3D5432DE}.Debug|ARM.ActiveCfg = Debug|Any CPU
		{E77EA333-6B78-4A9E-8218-C99D3D5432DE}.Debug|ARM.Build.0 = Debug|Any CPU
		{E77EA333-6B78-4A9E-8218-C99D3D5432DE}.Debug|iPhone.ActiveCfg = Debug|Any CPU
		{E77EA333-6B78-4A9E-8218-C99D3D5432DE}.Debug|iPhone.Build.0 = Debug|Any CPU
		{E77EA333-6B78-4A9E-8218-C99D3D5432DE}.Debug|iPhoneSimulator.ActiveCfg = Debug|Any CPU
		{E77EA333-6B78-4A9E-8218-C99D3D5432DE}.Debug|iPhoneSimulator.Build.0 = Debug|Any CPU
		{E77EA333-6B78-4A9E-8218-C99D3D5432DE}.Debug|x64.ActiveCfg = Debug|Any CPU
		{E77EA333-6B78-4A9E-8218-C99D3D5432DE}.Debug|x64.Build.0 = Debug|Any CPU
		{E77EA333-6B78-4A9E-8218-C99D3D5432DE}.Debug|x86.ActiveCfg = Debug|Any CPU
		{E77EA333-6B78-4A9E-8218-C99D3D5432DE}.Debug|x86.Build.0 = Debug|Any CPU
		{E77EA333-6B78-4A9E-8218-C99D3D5432DE}.Release|Any CPU.ActiveCfg = Release|Any CPU
		{E77EA333-6B78-4A9E-8218-C99D3D5432DE}.Release|Any CPU.Build.0 = Release|Any CPU
		{E77EA333-6B78-4A9E-8218-C99D3D5432DE}.Release|ARM.ActiveCfg = Release|Any CPU
		{E77EA333-6B78-4A9E-8218-C99D3D5432DE}.Release|ARM.Build.0 = Release|Any CPU
		{E77EA333-6B78-4A9E-8218-C99D3D5432DE}.Release|iPhone.ActiveCfg = Release|Any CPU
		{E77EA333-6B78-4A9E-8218-C99D3D5432DE}.Release|iPhone.Build.0 = Release|Any CPU
		{E77EA333-6B78-4A9E-8218-C99D3D5432DE}.Release|iPhoneSimulator.ActiveCfg = Release|Any CPU
		{E77EA333-6B78-4A9E-8218-C99D3D5432DE}.Release|iPhoneSimulator.Build.0 = Release|Any CPU
		{E77EA333-6B78-4A9E-8218-C99D3D5432DE}.Release|x64.ActiveCfg = Release|Any CPU
		{E77EA333-6B78-4A9E-8218-C99D3D5432DE}.Release|x64.Build.0 = Release|Any CPU
		{E77EA333-6B78-4A9E-8218-C99D3D5432DE}.Release|x86.ActiveCfg = Release|Any CPU
		{E77EA333-6B78-4A9E-8218-C99D3D5432DE}.Release|x86.Build.0 = Release|Any CPU
		{9DCB0139-96AF-4FB5-811B-5432BB94AA31}.Ad-Hoc|Any CPU.ActiveCfg = Debug|Any CPU
		{9DCB0139-96AF-4FB5-811B-5432BB94AA31}.Ad-Hoc|Any CPU.Build.0 = Debug|Any CPU
		{9DCB0139-96AF-4FB5-811B-5432BB94AA31}.Ad-Hoc|ARM.ActiveCfg = Debug|Any CPU
		{9DCB0139-96AF-4FB5-811B-5432BB94AA31}.Ad-Hoc|ARM.Build.0 = Debug|Any CPU
		{9DCB0139-96AF-4FB5-811B-5432BB94AA31}.Ad-Hoc|iPhone.ActiveCfg = Debug|Any CPU
		{9DCB0139-96AF-4FB5-811B-5432BB94AA31}.Ad-Hoc|iPhone.Build.0 = Debug|Any CPU
		{9DCB0139-96AF-4FB5-811B-5432BB94AA31}.Ad-Hoc|iPhoneSimulator.ActiveCfg = Debug|Any CPU
		{9DCB0139-96AF-4FB5-811B-5432BB94AA31}.Ad-Hoc|iPhoneSimulator.Build.0 = Debug|Any CPU
		{9DCB0139-96AF-4FB5-811B-5432BB94AA31}.Ad-Hoc|x64.ActiveCfg = Debug|Any CPU
		{9DCB0139-96AF-4FB5-811B-5432BB94AA31}.Ad-Hoc|x64.Build.0 = Debug|Any CPU
		{9DCB0139-96AF-4FB5-811B-5432BB94AA31}.Ad-Hoc|x86.ActiveCfg = Debug|Any CPU
		{9DCB0139-96AF-4FB5-811B-5432BB94AA31}.Ad-Hoc|x86.Build.0 = Debug|Any CPU
		{9DCB0139-96AF-4FB5-811B-5432BB94AA31}.AppStore|Any CPU.ActiveCfg = Debug|Any CPU
		{9DCB0139-96AF-4FB5-811B-5432BB94AA31}.AppStore|Any CPU.Build.0 = Debug|Any CPU
		{9DCB0139-96AF-4FB5-811B-5432BB94AA31}.AppStore|ARM.ActiveCfg = Debug|Any CPU
		{9DCB0139-96AF-4FB5-811B-5432BB94AA31}.AppStore|ARM.Build.0 = Debug|Any CPU
		{9DCB0139-96AF-4FB5-811B-5432BB94AA31}.AppStore|iPhone.ActiveCfg = Debug|Any CPU
		{9DCB0139-96AF-4FB5-811B-5432BB94AA31}.AppStore|iPhone.Build.0 = Debug|Any CPU
		{9DCB0139-96AF-4FB5-811B-5432BB94AA31}.AppStore|iPhoneSimulator.ActiveCfg = Debug|Any CPU
		{9DCB0139-96AF-4FB5-811B-5432BB94AA31}.AppStore|iPhoneSimulator.Build.0 = Debug|Any CPU
		{9DCB0139-96AF-4FB5-811B-5432BB94AA31}.AppStore|x64.ActiveCfg = Debug|Any CPU
		{9DCB0139-96AF-4FB5-811B-5432BB94AA31}.AppStore|x64.Build.0 = Debug|Any CPU
		{9DCB0139-96AF-4FB5-811B-5432BB94AA31}.AppStore|x86.ActiveCfg = Debug|Any CPU
		{9DCB0139-96AF-4FB5-811B-5432BB94AA31}.AppStore|x86.Build.0 = Debug|Any CPU
		{9DCB0139-96AF-4FB5-811B-5432BB94AA31}.Debug|Any CPU.ActiveCfg = Debug|Any CPU
		{9DCB0139-96AF-4FB5-811B-5432BB94AA31}.Debug|Any CPU.Build.0 = Debug|Any CPU
		{9DCB0139-96AF-4FB5-811B-5432BB94AA31}.Debug|ARM.ActiveCfg = Debug|Any CPU
		{9DCB0139-96AF-4FB5-811B-5432BB94AA31}.Debug|ARM.Build.0 = Debug|Any CPU
		{9DCB0139-96AF-4FB5-811B-5432BB94AA31}.Debug|iPhone.ActiveCfg = Debug|Any CPU
		{9DCB0139-96AF-4FB5-811B-5432BB94AA31}.Debug|iPhone.Build.0 = Debug|Any CPU
		{9DCB0139-96AF-4FB5-811B-5432BB94AA31}.Debug|iPhoneSimulator.ActiveCfg = Debug|Any CPU
		{9DCB0139-96AF-4FB5-811B-5432BB94AA31}.Debug|iPhoneSimulator.Build.0 = Debug|Any CPU
		{9DCB0139-96AF-4FB5-811B-5432BB94AA31}.Debug|x64.ActiveCfg = Debug|Any CPU
		{9DCB0139-96AF-4FB5-811B-5432BB94AA31}.Debug|x64.Build.0 = Debug|Any CPU
		{9DCB0139-96AF-4FB5-811B-5432BB94AA31}.Debug|x86.ActiveCfg = Debug|Any CPU
		{9DCB0139-96AF-4FB5-811B-5432BB94AA31}.Debug|x86.Build.0 = Debug|Any CPU
		{9DCB0139-96AF-4FB5-811B-5432BB94AA31}.Release|Any CPU.ActiveCfg = Release|Any CPU
		{9DCB0139-96AF-4FB5-811B-5432BB94AA31}.Release|Any CPU.Build.0 = Release|Any CPU
		{9DCB0139-96AF-4FB5-811B-5432BB94AA31}.Release|ARM.ActiveCfg = Release|Any CPU
		{9DCB0139-96AF-4FB5-811B-5432BB94AA31}.Release|ARM.Build.0 = Release|Any CPU
		{9DCB0139-96AF-4FB5-811B-5432BB94AA31}.Release|iPhone.ActiveCfg = Release|Any CPU
		{9DCB0139-96AF-4FB5-811B-5432BB94AA31}.Release|iPhone.Build.0 = Release|Any CPU
		{9DCB0139-96AF-4FB5-811B-5432BB94AA31}.Release|iPhoneSimulator.ActiveCfg = Release|Any CPU
		{9DCB0139-96AF-4FB5-811B-5432BB94AA31}.Release|iPhoneSimulator.Build.0 = Release|Any CPU
		{9DCB0139-96AF-4FB5-811B-5432BB94AA31}.Release|x64.ActiveCfg = Release|Any CPU
		{9DCB0139-96AF-4FB5-811B-5432BB94AA31}.Release|x64.Build.0 = Release|Any CPU
		{9DCB0139-96AF-4FB5-811B-5432BB94AA31}.Release|x86.ActiveCfg = Release|Any CPU
		{9DCB0139-96AF-4FB5-811B-5432BB94AA31}.Release|x86.Build.0 = Release|Any CPU
		{F30C5002-20CB-4459-947C-364DFF00EFB2}.Ad-Hoc|Any CPU.ActiveCfg = Debug|Any CPU
		{F30C5002-20CB-4459-947C-364DFF00EFB2}.Ad-Hoc|Any CPU.Build.0 = Debug|Any CPU
		{F30C5002-20CB-4459-947C-364DFF00EFB2}.Ad-Hoc|ARM.ActiveCfg = Debug|Any CPU
		{F30C5002-20CB-4459-947C-364DFF00EFB2}.Ad-Hoc|ARM.Build.0 = Debug|Any CPU
		{F30C5002-20CB-4459-947C-364DFF00EFB2}.Ad-Hoc|iPhone.ActiveCfg = Debug|Any CPU
		{F30C5002-20CB-4459-947C-364DFF00EFB2}.Ad-Hoc|iPhone.Build.0 = Debug|Any CPU
		{F30C5002-20CB-4459-947C-364DFF00EFB2}.Ad-Hoc|iPhoneSimulator.ActiveCfg = Debug|Any CPU
		{F30C5002-20CB-4459-947C-364DFF00EFB2}.Ad-Hoc|iPhoneSimulator.Build.0 = Debug|Any CPU
		{F30C5002-20CB-4459-947C-364DFF00EFB2}.Ad-Hoc|x64.ActiveCfg = Debug|Any CPU
		{F30C5002-20CB-4459-947C-364DFF00EFB2}.Ad-Hoc|x64.Build.0 = Debug|Any CPU
		{F30C5002-20CB-4459-947C-364DFF00EFB2}.Ad-Hoc|x86.ActiveCfg = Debug|Any CPU
		{F30C5002-20CB-4459-947C-364DFF00EFB2}.Ad-Hoc|x86.Build.0 = Debug|Any CPU
		{F30C5002-20CB-4459-947C-364DFF00EFB2}.AppStore|Any CPU.ActiveCfg = Debug|Any CPU
		{F30C5002-20CB-4459-947C-364DFF00EFB2}.AppStore|Any CPU.Build.0 = Debug|Any CPU
		{F30C5002-20CB-4459-947C-364DFF00EFB2}.AppStore|ARM.ActiveCfg = Debug|Any CPU
		{F30C5002-20CB-4459-947C-364DFF00EFB2}.AppStore|ARM.Build.0 = Debug|Any CPU
		{F30C5002-20CB-4459-947C-364DFF00EFB2}.AppStore|iPhone.ActiveCfg = Debug|Any CPU
		{F30C5002-20CB-4459-947C-364DFF00EFB2}.AppStore|iPhone.Build.0 = Debug|Any CPU
		{F30C5002-20CB-4459-947C-364DFF00EFB2}.AppStore|iPhoneSimulator.ActiveCfg = Debug|Any CPU
		{F30C5002-20CB-4459-947C-364DFF00EFB2}.AppStore|iPhoneSimulator.Build.0 = Debug|Any CPU
		{F30C5002-20CB-4459-947C-364DFF00EFB2}.AppStore|x64.ActiveCfg = Debug|Any CPU
		{F30C5002-20CB-4459-947C-364DFF00EFB2}.AppStore|x64.Build.0 = Debug|Any CPU
		{F30C5002-20CB-4459-947C-364DFF00EFB2}.AppStore|x86.ActiveCfg = Debug|Any CPU
		{F30C5002-20CB-4459-947C-364DFF00EFB2}.AppStore|x86.Build.0 = Debug|Any CPU
		{F30C5002-20CB-4459-947C-364DFF00EFB2}.Debug|Any CPU.ActiveCfg = Debug|Any CPU
		{F30C5002-20CB-4459-947C-364DFF00EFB2}.Debug|Any CPU.Build.0 = Debug|Any CPU
		{F30C5002-20CB-4459-947C-364DFF00EFB2}.Debug|ARM.ActiveCfg = Debug|Any CPU
		{F30C5002-20CB-4459-947C-364DFF00EFB2}.Debug|ARM.Build.0 = Debug|Any CPU
		{F30C5002-20CB-4459-947C-364DFF00EFB2}.Debug|iPhone.ActiveCfg = Debug|Any CPU
		{F30C5002-20CB-4459-947C-364DFF00EFB2}.Debug|iPhone.Build.0 = Debug|Any CPU
		{F30C5002-20CB-4459-947C-364DFF00EFB2}.Debug|iPhoneSimulator.ActiveCfg = Debug|Any CPU
		{F30C5002-20CB-4459-947C-364DFF00EFB2}.Debug|iPhoneSimulator.Build.0 = Debug|Any CPU
		{F30C5002-20CB-4459-947C-364DFF00EFB2}.Debug|x64.ActiveCfg = Debug|Any CPU
		{F30C5002-20CB-4459-947C-364DFF00EFB2}.Debug|x64.Build.0 = Debug|Any CPU
		{F30C5002-20CB-4459-947C-364DFF00EFB2}.Debug|x86.ActiveCfg = Debug|Any CPU
		{F30C5002-20CB-4459-947C-364DFF00EFB2}.Debug|x86.Build.0 = Debug|Any CPU
		{F30C5002-20CB-4459-947C-364DFF00EFB2}.Release|Any CPU.ActiveCfg = Release|Any CPU
		{F30C5002-20CB-4459-947C-364DFF00EFB2}.Release|Any CPU.Build.0 = Release|Any CPU
		{F30C5002-20CB-4459-947C-364DFF00EFB2}.Release|ARM.ActiveCfg = Release|Any CPU
		{F30C5002-20CB-4459-947C-364DFF00EFB2}.Release|ARM.Build.0 = Release|Any CPU
		{F30C5002-20CB-4459-947C-364DFF00EFB2}.Release|iPhone.ActiveCfg = Release|Any CPU
		{F30C5002-20CB-4459-947C-364DFF00EFB2}.Release|iPhone.Build.0 = Release|Any CPU
		{F30C5002-20CB-4459-947C-364DFF00EFB2}.Release|iPhoneSimulator.ActiveCfg = Release|Any CPU
		{F30C5002-20CB-4459-947C-364DFF00EFB2}.Release|iPhoneSimulator.Build.0 = Release|Any CPU
		{F30C5002-20CB-4459-947C-364DFF00EFB2}.Release|x64.ActiveCfg = Release|Any CPU
		{F30C5002-20CB-4459-947C-364DFF00EFB2}.Release|x64.Build.0 = Release|Any CPU
		{F30C5002-20CB-4459-947C-364DFF00EFB2}.Release|x86.ActiveCfg = Release|Any CPU
		{F30C5002-20CB-4459-947C-364DFF00EFB2}.Release|x86.Build.0 = Release|Any CPU
		{FC97E81D-E1DA-4C7F-A0A5-306382049B75}.Ad-Hoc|Any CPU.ActiveCfg = Debug|Any CPU
		{FC97E81D-E1DA-4C7F-A0A5-306382049B75}.Ad-Hoc|Any CPU.Build.0 = Debug|Any CPU
		{FC97E81D-E1DA-4C7F-A0A5-306382049B75}.Ad-Hoc|ARM.ActiveCfg = Debug|Any CPU
		{FC97E81D-E1DA-4C7F-A0A5-306382049B75}.Ad-Hoc|ARM.Build.0 = Debug|Any CPU
		{FC97E81D-E1DA-4C7F-A0A5-306382049B75}.Ad-Hoc|iPhone.ActiveCfg = Debug|Any CPU
		{FC97E81D-E1DA-4C7F-A0A5-306382049B75}.Ad-Hoc|iPhone.Build.0 = Debug|Any CPU
		{FC97E81D-E1DA-4C7F-A0A5-306382049B75}.Ad-Hoc|iPhoneSimulator.ActiveCfg = Debug|Any CPU
		{FC97E81D-E1DA-4C7F-A0A5-306382049B75}.Ad-Hoc|iPhoneSimulator.Build.0 = Debug|Any CPU
		{FC97E81D-E1DA-4C7F-A0A5-306382049B75}.Ad-Hoc|x64.ActiveCfg = Debug|Any CPU
		{FC97E81D-E1DA-4C7F-A0A5-306382049B75}.Ad-Hoc|x64.Build.0 = Debug|Any CPU
		{FC97E81D-E1DA-4C7F-A0A5-306382049B75}.Ad-Hoc|x86.ActiveCfg = Debug|Any CPU
		{FC97E81D-E1DA-4C7F-A0A5-306382049B75}.Ad-Hoc|x86.Build.0 = Debug|Any CPU
		{FC97E81D-E1DA-4C7F-A0A5-306382049B75}.AppStore|Any CPU.ActiveCfg = Debug|Any CPU
		{FC97E81D-E1DA-4C7F-A0A5-306382049B75}.AppStore|Any CPU.Build.0 = Debug|Any CPU
		{FC97E81D-E1DA-4C7F-A0A5-306382049B75}.AppStore|ARM.ActiveCfg = Debug|Any CPU
		{FC97E81D-E1DA-4C7F-A0A5-306382049B75}.AppStore|ARM.Build.0 = Debug|Any CPU
		{FC97E81D-E1DA-4C7F-A0A5-306382049B75}.AppStore|iPhone.ActiveCfg = Debug|Any CPU
		{FC97E81D-E1DA-4C7F-A0A5-306382049B75}.AppStore|iPhone.Build.0 = Debug|Any CPU
		{FC97E81D-E1DA-4C7F-A0A5-306382049B75}.AppStore|iPhoneSimulator.ActiveCfg = Debug|Any CPU
		{FC97E81D-E1DA-4C7F-A0A5-306382049B75}.AppStore|iPhoneSimulator.Build.0 = Debug|Any CPU
		{FC97E81D-E1DA-4C7F-A0A5-306382049B75}.AppStore|x64.ActiveCfg = Debug|Any CPU
		{FC97E81D-E1DA-4C7F-A0A5-306382049B75}.AppStore|x64.Build.0 = Debug|Any CPU
		{FC97E81D-E1DA-4C7F-A0A5-306382049B75}.AppStore|x86.ActiveCfg = Debug|Any CPU
		{FC97E81D-E1DA-4C7F-A0A5-306382049B75}.AppStore|x86.Build.0 = Debug|Any CPU
		{FC97E81D-E1DA-4C7F-A0A5-306382049B75}.Debug|Any CPU.ActiveCfg = Debug|Any CPU
		{FC97E81D-E1DA-4C7F-A0A5-306382049B75}.Debug|Any CPU.Build.0 = Debug|Any CPU
		{FC97E81D-E1DA-4C7F-A0A5-306382049B75}.Debug|ARM.ActiveCfg = Debug|Any CPU
		{FC97E81D-E1DA-4C7F-A0A5-306382049B75}.Debug|ARM.Build.0 = Debug|Any CPU
		{FC97E81D-E1DA-4C7F-A0A5-306382049B75}.Debug|iPhone.ActiveCfg = Debug|Any CPU
		{FC97E81D-E1DA-4C7F-A0A5-306382049B75}.Debug|iPhone.Build.0 = Debug|Any CPU
		{FC97E81D-E1DA-4C7F-A0A5-306382049B75}.Debug|iPhoneSimulator.ActiveCfg = Debug|Any CPU
		{FC97E81D-E1DA-4C7F-A0A5-306382049B75}.Debug|iPhoneSimulator.Build.0 = Debug|Any CPU
		{FC97E81D-E1DA-4C7F-A0A5-306382049B75}.Debug|x64.ActiveCfg = Debug|Any CPU
		{FC97E81D-E1DA-4C7F-A0A5-306382049B75}.Debug|x64.Build.0 = Debug|Any CPU
		{FC97E81D-E1DA-4C7F-A0A5-306382049B75}.Debug|x86.ActiveCfg = Debug|Any CPU
		{FC97E81D-E1DA-4C7F-A0A5-306382049B75}.Debug|x86.Build.0 = Debug|Any CPU
		{FC97E81D-E1DA-4C7F-A0A5-306382049B75}.Release|Any CPU.ActiveCfg = Release|Any CPU
		{FC97E81D-E1DA-4C7F-A0A5-306382049B75}.Release|Any CPU.Build.0 = Release|Any CPU
		{FC97E81D-E1DA-4C7F-A0A5-306382049B75}.Release|ARM.ActiveCfg = Release|Any CPU
		{FC97E81D-E1DA-4C7F-A0A5-306382049B75}.Release|ARM.Build.0 = Release|Any CPU
		{FC97E81D-E1DA-4C7F-A0A5-306382049B75}.Release|iPhone.ActiveCfg = Release|Any CPU
		{FC97E81D-E1DA-4C7F-A0A5-306382049B75}.Release|iPhone.Build.0 = Release|Any CPU
		{FC97E81D-E1DA-4C7F-A0A5-306382049B75}.Release|iPhoneSimulator.ActiveCfg = Release|Any CPU
		{FC97E81D-E1DA-4C7F-A0A5-306382049B75}.Release|iPhoneSimulator.Build.0 = Release|Any CPU
		{FC97E81D-E1DA-4C7F-A0A5-306382049B75}.Release|x64.ActiveCfg = Release|Any CPU
		{FC97E81D-E1DA-4C7F-A0A5-306382049B75}.Release|x64.Build.0 = Release|Any CPU
		{FC97E81D-E1DA-4C7F-A0A5-306382049B75}.Release|x86.ActiveCfg = Release|Any CPU
		{FC97E81D-E1DA-4C7F-A0A5-306382049B75}.Release|x86.Build.0 = Release|Any CPU
		{D47D31E2-87D4-4D63-B813-F16BC79996D6}.Ad-Hoc|Any CPU.ActiveCfg = Release|Any CPU
		{D47D31E2-87D4-4D63-B813-F16BC79996D6}.Ad-Hoc|Any CPU.Build.0 = Release|Any CPU
		{D47D31E2-87D4-4D63-B813-F16BC79996D6}.Ad-Hoc|Any CPU.Deploy.0 = Release|Any CPU
		{D47D31E2-87D4-4D63-B813-F16BC79996D6}.Ad-Hoc|ARM.ActiveCfg = Release|Any CPU
		{D47D31E2-87D4-4D63-B813-F16BC79996D6}.Ad-Hoc|ARM.Build.0 = Release|Any CPU
		{D47D31E2-87D4-4D63-B813-F16BC79996D6}.Ad-Hoc|ARM.Deploy.0 = Release|Any CPU
		{D47D31E2-87D4-4D63-B813-F16BC79996D6}.Ad-Hoc|iPhone.ActiveCfg = Release|Any CPU
		{D47D31E2-87D4-4D63-B813-F16BC79996D6}.Ad-Hoc|iPhone.Build.0 = Release|Any CPU
		{D47D31E2-87D4-4D63-B813-F16BC79996D6}.Ad-Hoc|iPhone.Deploy.0 = Release|Any CPU
		{D47D31E2-87D4-4D63-B813-F16BC79996D6}.Ad-Hoc|iPhoneSimulator.ActiveCfg = Release|Any CPU
		{D47D31E2-87D4-4D63-B813-F16BC79996D6}.Ad-Hoc|iPhoneSimulator.Build.0 = Release|Any CPU
		{D47D31E2-87D4-4D63-B813-F16BC79996D6}.Ad-Hoc|iPhoneSimulator.Deploy.0 = Release|Any CPU
		{D47D31E2-87D4-4D63-B813-F16BC79996D6}.Ad-Hoc|x64.ActiveCfg = Release|Any CPU
		{D47D31E2-87D4-4D63-B813-F16BC79996D6}.Ad-Hoc|x64.Build.0 = Release|Any CPU
		{D47D31E2-87D4-4D63-B813-F16BC79996D6}.Ad-Hoc|x64.Deploy.0 = Release|Any CPU
		{D47D31E2-87D4-4D63-B813-F16BC79996D6}.Ad-Hoc|x86.ActiveCfg = Release|Any CPU
		{D47D31E2-87D4-4D63-B813-F16BC79996D6}.Ad-Hoc|x86.Build.0 = Release|Any CPU
		{D47D31E2-87D4-4D63-B813-F16BC79996D6}.Ad-Hoc|x86.Deploy.0 = Release|Any CPU
		{D47D31E2-87D4-4D63-B813-F16BC79996D6}.AppStore|Any CPU.ActiveCfg = Release|Any CPU
		{D47D31E2-87D4-4D63-B813-F16BC79996D6}.AppStore|Any CPU.Build.0 = Release|Any CPU
		{D47D31E2-87D4-4D63-B813-F16BC79996D6}.AppStore|Any CPU.Deploy.0 = Release|Any CPU
		{D47D31E2-87D4-4D63-B813-F16BC79996D6}.AppStore|ARM.ActiveCfg = Release|Any CPU
		{D47D31E2-87D4-4D63-B813-F16BC79996D6}.AppStore|ARM.Build.0 = Release|Any CPU
		{D47D31E2-87D4-4D63-B813-F16BC79996D6}.AppStore|ARM.Deploy.0 = Release|Any CPU
		{D47D31E2-87D4-4D63-B813-F16BC79996D6}.AppStore|iPhone.ActiveCfg = Release|Any CPU
		{D47D31E2-87D4-4D63-B813-F16BC79996D6}.AppStore|iPhone.Build.0 = Release|Any CPU
		{D47D31E2-87D4-4D63-B813-F16BC79996D6}.AppStore|iPhone.Deploy.0 = Release|Any CPU
		{D47D31E2-87D4-4D63-B813-F16BC79996D6}.AppStore|iPhoneSimulator.ActiveCfg = Release|Any CPU
		{D47D31E2-87D4-4D63-B813-F16BC79996D6}.AppStore|iPhoneSimulator.Build.0 = Release|Any CPU
		{D47D31E2-87D4-4D63-B813-F16BC79996D6}.AppStore|iPhoneSimulator.Deploy.0 = Release|Any CPU
		{D47D31E2-87D4-4D63-B813-F16BC79996D6}.AppStore|x64.ActiveCfg = Release|Any CPU
		{D47D31E2-87D4-4D63-B813-F16BC79996D6}.AppStore|x64.Build.0 = Release|Any CPU
		{D47D31E2-87D4-4D63-B813-F16BC79996D6}.AppStore|x64.Deploy.0 = Release|Any CPU
		{D47D31E2-87D4-4D63-B813-F16BC79996D6}.AppStore|x86.ActiveCfg = Release|Any CPU
		{D47D31E2-87D4-4D63-B813-F16BC79996D6}.AppStore|x86.Build.0 = Release|Any CPU
		{D47D31E2-87D4-4D63-B813-F16BC79996D6}.AppStore|x86.Deploy.0 = Release|Any CPU
		{D47D31E2-87D4-4D63-B813-F16BC79996D6}.Debug|Any CPU.ActiveCfg = Debug|Any CPU
		{D47D31E2-87D4-4D63-B813-F16BC79996D6}.Debug|Any CPU.Build.0 = Debug|Any CPU
		{D47D31E2-87D4-4D63-B813-F16BC79996D6}.Debug|Any CPU.Deploy.0 = Debug|Any CPU
		{D47D31E2-87D4-4D63-B813-F16BC79996D6}.Debug|ARM.ActiveCfg = Debug|Any CPU
		{D47D31E2-87D4-4D63-B813-F16BC79996D6}.Debug|ARM.Build.0 = Debug|Any CPU
		{D47D31E2-87D4-4D63-B813-F16BC79996D6}.Debug|ARM.Deploy.0 = Debug|Any CPU
		{D47D31E2-87D4-4D63-B813-F16BC79996D6}.Debug|iPhone.ActiveCfg = Debug|Any CPU
		{D47D31E2-87D4-4D63-B813-F16BC79996D6}.Debug|iPhone.Build.0 = Debug|Any CPU
		{D47D31E2-87D4-4D63-B813-F16BC79996D6}.Debug|iPhone.Deploy.0 = Debug|Any CPU
		{D47D31E2-87D4-4D63-B813-F16BC79996D6}.Debug|iPhoneSimulator.ActiveCfg = Debug|Any CPU
		{D47D31E2-87D4-4D63-B813-F16BC79996D6}.Debug|iPhoneSimulator.Build.0 = Debug|Any CPU
		{D47D31E2-87D4-4D63-B813-F16BC79996D6}.Debug|iPhoneSimulator.Deploy.0 = Debug|Any CPU
		{D47D31E2-87D4-4D63-B813-F16BC79996D6}.Debug|x64.ActiveCfg = Debug|Any CPU
		{D47D31E2-87D4-4D63-B813-F16BC79996D6}.Debug|x64.Build.0 = Debug|Any CPU
		{D47D31E2-87D4-4D63-B813-F16BC79996D6}.Debug|x64.Deploy.0 = Debug|Any CPU
		{D47D31E2-87D4-4D63-B813-F16BC79996D6}.Debug|x86.ActiveCfg = Debug|Any CPU
		{D47D31E2-87D4-4D63-B813-F16BC79996D6}.Debug|x86.Build.0 = Debug|Any CPU
		{D47D31E2-87D4-4D63-B813-F16BC79996D6}.Debug|x86.Deploy.0 = Debug|Any CPU
		{D47D31E2-87D4-4D63-B813-F16BC79996D6}.Release|Any CPU.ActiveCfg = Release|Any CPU
		{D47D31E2-87D4-4D63-B813-F16BC79996D6}.Release|Any CPU.Build.0 = Release|Any CPU
		{D47D31E2-87D4-4D63-B813-F16BC79996D6}.Release|Any CPU.Deploy.0 = Release|Any CPU
		{D47D31E2-87D4-4D63-B813-F16BC79996D6}.Release|ARM.ActiveCfg = Release|Any CPU
		{D47D31E2-87D4-4D63-B813-F16BC79996D6}.Release|ARM.Build.0 = Release|Any CPU
		{D47D31E2-87D4-4D63-B813-F16BC79996D6}.Release|ARM.Deploy.0 = Release|Any CPU
		{D47D31E2-87D4-4D63-B813-F16BC79996D6}.Release|iPhone.ActiveCfg = Release|Any CPU
		{D47D31E2-87D4-4D63-B813-F16BC79996D6}.Release|iPhone.Build.0 = Release|Any CPU
		{D47D31E2-87D4-4D63-B813-F16BC79996D6}.Release|iPhone.Deploy.0 = Release|Any CPU
		{D47D31E2-87D4-4D63-B813-F16BC79996D6}.Release|iPhoneSimulator.ActiveCfg = Release|Any CPU
		{D47D31E2-87D4-4D63-B813-F16BC79996D6}.Release|iPhoneSimulator.Build.0 = Release|Any CPU
		{D47D31E2-87D4-4D63-B813-F16BC79996D6}.Release|iPhoneSimulator.Deploy.0 = Release|Any CPU
		{D47D31E2-87D4-4D63-B813-F16BC79996D6}.Release|x64.ActiveCfg = Release|Any CPU
		{D47D31E2-87D4-4D63-B813-F16BC79996D6}.Release|x64.Build.0 = Release|Any CPU
		{D47D31E2-87D4-4D63-B813-F16BC79996D6}.Release|x64.Deploy.0 = Release|Any CPU
		{D47D31E2-87D4-4D63-B813-F16BC79996D6}.Release|x86.ActiveCfg = Release|Any CPU
		{D47D31E2-87D4-4D63-B813-F16BC79996D6}.Release|x86.Build.0 = Release|Any CPU
		{D47D31E2-87D4-4D63-B813-F16BC79996D6}.Release|x86.Deploy.0 = Release|Any CPU
		{5DDFDDD0-2B46-43A8-B45F-6C980ECEEDF0}.Ad-Hoc|Any CPU.ActiveCfg = Ad-Hoc|iPhone
		{5DDFDDD0-2B46-43A8-B45F-6C980ECEEDF0}.Ad-Hoc|ARM.ActiveCfg = Ad-Hoc|iPhone
		{5DDFDDD0-2B46-43A8-B45F-6C980ECEEDF0}.Ad-Hoc|iPhone.ActiveCfg = Ad-Hoc|iPhone
		{5DDFDDD0-2B46-43A8-B45F-6C980ECEEDF0}.Ad-Hoc|iPhone.Build.0 = Ad-Hoc|iPhone
		{5DDFDDD0-2B46-43A8-B45F-6C980ECEEDF0}.Ad-Hoc|iPhoneSimulator.ActiveCfg = Ad-Hoc|iPhoneSimulator
		{5DDFDDD0-2B46-43A8-B45F-6C980ECEEDF0}.Ad-Hoc|iPhoneSimulator.Build.0 = Ad-Hoc|iPhoneSimulator
		{5DDFDDD0-2B46-43A8-B45F-6C980ECEEDF0}.Ad-Hoc|x64.ActiveCfg = Ad-Hoc|iPhone
		{5DDFDDD0-2B46-43A8-B45F-6C980ECEEDF0}.Ad-Hoc|x86.ActiveCfg = Ad-Hoc|iPhone
		{5DDFDDD0-2B46-43A8-B45F-6C980ECEEDF0}.AppStore|Any CPU.ActiveCfg = AppStore|iPhone
		{5DDFDDD0-2B46-43A8-B45F-6C980ECEEDF0}.AppStore|ARM.ActiveCfg = AppStore|iPhone
		{5DDFDDD0-2B46-43A8-B45F-6C980ECEEDF0}.AppStore|iPhone.ActiveCfg = AppStore|iPhone
		{5DDFDDD0-2B46-43A8-B45F-6C980ECEEDF0}.AppStore|iPhone.Build.0 = AppStore|iPhone
		{5DDFDDD0-2B46-43A8-B45F-6C980ECEEDF0}.AppStore|iPhoneSimulator.ActiveCfg = AppStore|iPhoneSimulator
		{5DDFDDD0-2B46-43A8-B45F-6C980ECEEDF0}.AppStore|iPhoneSimulator.Build.0 = AppStore|iPhoneSimulator
		{5DDFDDD0-2B46-43A8-B45F-6C980ECEEDF0}.AppStore|x64.ActiveCfg = AppStore|iPhone
		{5DDFDDD0-2B46-43A8-B45F-6C980ECEEDF0}.AppStore|x86.ActiveCfg = AppStore|iPhone
		{5DDFDDD0-2B46-43A8-B45F-6C980ECEEDF0}.Debug|Any CPU.ActiveCfg = Debug|iPhone
		{5DDFDDD0-2B46-43A8-B45F-6C980ECEEDF0}.Debug|ARM.ActiveCfg = Debug|iPhone
		{5DDFDDD0-2B46-43A8-B45F-6C980ECEEDF0}.Debug|iPhone.ActiveCfg = Debug|iPhone
		{5DDFDDD0-2B46-43A8-B45F-6C980ECEEDF0}.Debug|iPhone.Build.0 = Debug|iPhone
		{5DDFDDD0-2B46-43A8-B45F-6C980ECEEDF0}.Debug|iPhoneSimulator.ActiveCfg = Debug|iPhoneSimulator
		{5DDFDDD0-2B46-43A8-B45F-6C980ECEEDF0}.Debug|iPhoneSimulator.Build.0 = Debug|iPhoneSimulator
		{5DDFDDD0-2B46-43A8-B45F-6C980ECEEDF0}.Debug|x64.ActiveCfg = Debug|iPhone
		{5DDFDDD0-2B46-43A8-B45F-6C980ECEEDF0}.Debug|x86.ActiveCfg = Debug|iPhone
		{5DDFDDD0-2B46-43A8-B45F-6C980ECEEDF0}.Release|Any CPU.ActiveCfg = Release|iPhone
		{5DDFDDD0-2B46-43A8-B45F-6C980ECEEDF0}.Release|ARM.ActiveCfg = Release|iPhone
		{5DDFDDD0-2B46-43A8-B45F-6C980ECEEDF0}.Release|iPhone.ActiveCfg = Release|iPhone
		{5DDFDDD0-2B46-43A8-B45F-6C980ECEEDF0}.Release|iPhone.Build.0 = Release|iPhone
		{5DDFDDD0-2B46-43A8-B45F-6C980ECEEDF0}.Release|iPhoneSimulator.ActiveCfg = Release|iPhoneSimulator
		{5DDFDDD0-2B46-43A8-B45F-6C980ECEEDF0}.Release|iPhoneSimulator.Build.0 = Release|iPhoneSimulator
		{5DDFDDD0-2B46-43A8-B45F-6C980ECEEDF0}.Release|x64.ActiveCfg = Release|iPhone
		{5DDFDDD0-2B46-43A8-B45F-6C980ECEEDF0}.Release|x86.ActiveCfg = Release|iPhone
		{54DEC860-D3C5-4CAE-99C4-C3AE2AF4B14E}.Ad-Hoc|Any CPU.ActiveCfg = Release|x86
		{54DEC860-D3C5-4CAE-99C4-C3AE2AF4B14E}.Ad-Hoc|Any CPU.Build.0 = Release|x86
		{54DEC860-D3C5-4CAE-99C4-C3AE2AF4B14E}.Ad-Hoc|Any CPU.Deploy.0 = Release|x86
		{54DEC860-D3C5-4CAE-99C4-C3AE2AF4B14E}.Ad-Hoc|ARM.ActiveCfg = Release|ARM
		{54DEC860-D3C5-4CAE-99C4-C3AE2AF4B14E}.Ad-Hoc|ARM.Build.0 = Release|ARM
		{54DEC860-D3C5-4CAE-99C4-C3AE2AF4B14E}.Ad-Hoc|ARM.Deploy.0 = Release|ARM
		{54DEC860-D3C5-4CAE-99C4-C3AE2AF4B14E}.Ad-Hoc|iPhone.ActiveCfg = Release|x86
		{54DEC860-D3C5-4CAE-99C4-C3AE2AF4B14E}.Ad-Hoc|iPhone.Build.0 = Release|x86
		{54DEC860-D3C5-4CAE-99C4-C3AE2AF4B14E}.Ad-Hoc|iPhone.Deploy.0 = Release|x86
		{54DEC860-D3C5-4CAE-99C4-C3AE2AF4B14E}.Ad-Hoc|iPhoneSimulator.ActiveCfg = Release|x86
		{54DEC860-D3C5-4CAE-99C4-C3AE2AF4B14E}.Ad-Hoc|iPhoneSimulator.Build.0 = Release|x86
		{54DEC860-D3C5-4CAE-99C4-C3AE2AF4B14E}.Ad-Hoc|iPhoneSimulator.Deploy.0 = Release|x86
		{54DEC860-D3C5-4CAE-99C4-C3AE2AF4B14E}.Ad-Hoc|x64.ActiveCfg = Release|x64
		{54DEC860-D3C5-4CAE-99C4-C3AE2AF4B14E}.Ad-Hoc|x64.Build.0 = Release|x64
		{54DEC860-D3C5-4CAE-99C4-C3AE2AF4B14E}.Ad-Hoc|x64.Deploy.0 = Release|x64
		{54DEC860-D3C5-4CAE-99C4-C3AE2AF4B14E}.Ad-Hoc|x86.ActiveCfg = Release|x86
		{54DEC860-D3C5-4CAE-99C4-C3AE2AF4B14E}.Ad-Hoc|x86.Build.0 = Release|x86
		{54DEC860-D3C5-4CAE-99C4-C3AE2AF4B14E}.Ad-Hoc|x86.Deploy.0 = Release|x86
		{54DEC860-D3C5-4CAE-99C4-C3AE2AF4B14E}.AppStore|Any CPU.ActiveCfg = Release|x86
		{54DEC860-D3C5-4CAE-99C4-C3AE2AF4B14E}.AppStore|Any CPU.Build.0 = Release|x86
		{54DEC860-D3C5-4CAE-99C4-C3AE2AF4B14E}.AppStore|Any CPU.Deploy.0 = Release|x86
		{54DEC860-D3C5-4CAE-99C4-C3AE2AF4B14E}.AppStore|ARM.ActiveCfg = Release|ARM
		{54DEC860-D3C5-4CAE-99C4-C3AE2AF4B14E}.AppStore|ARM.Build.0 = Release|ARM
		{54DEC860-D3C5-4CAE-99C4-C3AE2AF4B14E}.AppStore|ARM.Deploy.0 = Release|ARM
		{54DEC860-D3C5-4CAE-99C4-C3AE2AF4B14E}.AppStore|iPhone.ActiveCfg = Release|x86
		{54DEC860-D3C5-4CAE-99C4-C3AE2AF4B14E}.AppStore|iPhone.Build.0 = Release|x86
		{54DEC860-D3C5-4CAE-99C4-C3AE2AF4B14E}.AppStore|iPhone.Deploy.0 = Release|x86
		{54DEC860-D3C5-4CAE-99C4-C3AE2AF4B14E}.AppStore|iPhoneSimulator.ActiveCfg = Release|x86
		{54DEC860-D3C5-4CAE-99C4-C3AE2AF4B14E}.AppStore|iPhoneSimulator.Build.0 = Release|x86
		{54DEC860-D3C5-4CAE-99C4-C3AE2AF4B14E}.AppStore|iPhoneSimulator.Deploy.0 = Release|x86
		{54DEC860-D3C5-4CAE-99C4-C3AE2AF4B14E}.AppStore|x64.ActiveCfg = Release|x64
		{54DEC860-D3C5-4CAE-99C4-C3AE2AF4B14E}.AppStore|x64.Build.0 = Release|x64
		{54DEC860-D3C5-4CAE-99C4-C3AE2AF4B14E}.AppStore|x64.Deploy.0 = Release|x64
		{54DEC860-D3C5-4CAE-99C4-C3AE2AF4B14E}.AppStore|x86.ActiveCfg = Release|x86
		{54DEC860-D3C5-4CAE-99C4-C3AE2AF4B14E}.AppStore|x86.Build.0 = Release|x86
		{54DEC860-D3C5-4CAE-99C4-C3AE2AF4B14E}.AppStore|x86.Deploy.0 = Release|x86
		{54DEC860-D3C5-4CAE-99C4-C3AE2AF4B14E}.Debug|Any CPU.ActiveCfg = Debug|x86
		{54DEC860-D3C5-4CAE-99C4-C3AE2AF4B14E}.Debug|ARM.ActiveCfg = Debug|ARM
		{54DEC860-D3C5-4CAE-99C4-C3AE2AF4B14E}.Debug|ARM.Build.0 = Debug|ARM
		{54DEC860-D3C5-4CAE-99C4-C3AE2AF4B14E}.Debug|ARM.Deploy.0 = Debug|ARM
		{54DEC860-D3C5-4CAE-99C4-C3AE2AF4B14E}.Debug|iPhone.ActiveCfg = Debug|x86
		{54DEC860-D3C5-4CAE-99C4-C3AE2AF4B14E}.Debug|iPhoneSimulator.ActiveCfg = Debug|x86
		{54DEC860-D3C5-4CAE-99C4-C3AE2AF4B14E}.Debug|x64.ActiveCfg = Debug|x64
		{54DEC860-D3C5-4CAE-99C4-C3AE2AF4B14E}.Debug|x64.Build.0 = Debug|x64
		{54DEC860-D3C5-4CAE-99C4-C3AE2AF4B14E}.Debug|x64.Deploy.0 = Debug|x64
		{54DEC860-D3C5-4CAE-99C4-C3AE2AF4B14E}.Debug|x86.ActiveCfg = Debug|x86
		{54DEC860-D3C5-4CAE-99C4-C3AE2AF4B14E}.Debug|x86.Build.0 = Debug|x86
		{54DEC860-D3C5-4CAE-99C4-C3AE2AF4B14E}.Debug|x86.Deploy.0 = Debug|x86
		{54DEC860-D3C5-4CAE-99C4-C3AE2AF4B14E}.Release|Any CPU.ActiveCfg = Release|x86
		{54DEC860-D3C5-4CAE-99C4-C3AE2AF4B14E}.Release|ARM.ActiveCfg = Release|ARM
		{54DEC860-D3C5-4CAE-99C4-C3AE2AF4B14E}.Release|ARM.Build.0 = Release|ARM
		{54DEC860-D3C5-4CAE-99C4-C3AE2AF4B14E}.Release|ARM.Deploy.0 = Release|ARM
		{54DEC860-D3C5-4CAE-99C4-C3AE2AF4B14E}.Release|iPhone.ActiveCfg = Release|x86
		{54DEC860-D3C5-4CAE-99C4-C3AE2AF4B14E}.Release|iPhoneSimulator.ActiveCfg = Release|x86
		{54DEC860-D3C5-4CAE-99C4-C3AE2AF4B14E}.Release|x64.ActiveCfg = Release|x64
		{54DEC860-D3C5-4CAE-99C4-C3AE2AF4B14E}.Release|x64.Build.0 = Release|x64
		{54DEC860-D3C5-4CAE-99C4-C3AE2AF4B14E}.Release|x64.Deploy.0 = Release|x64
		{54DEC860-D3C5-4CAE-99C4-C3AE2AF4B14E}.Release|x86.ActiveCfg = Release|x86
		{54DEC860-D3C5-4CAE-99C4-C3AE2AF4B14E}.Release|x86.Build.0 = Release|x86
		{54DEC860-D3C5-4CAE-99C4-C3AE2AF4B14E}.Release|x86.Deploy.0 = Release|x86
		{5C3F2FCA-6266-4056-8D0C-A88228DFC88F}.Ad-Hoc|Any CPU.ActiveCfg = Release|Any CPU
		{5C3F2FCA-6266-4056-8D0C-A88228DFC88F}.Ad-Hoc|Any CPU.Build.0 = Release|Any CPU
		{5C3F2FCA-6266-4056-8D0C-A88228DFC88F}.Ad-Hoc|ARM.ActiveCfg = Release|Any CPU
		{5C3F2FCA-6266-4056-8D0C-A88228DFC88F}.Ad-Hoc|ARM.Build.0 = Release|Any CPU
		{5C3F2FCA-6266-4056-8D0C-A88228DFC88F}.Ad-Hoc|iPhone.ActiveCfg = Release|Any CPU
		{5C3F2FCA-6266-4056-8D0C-A88228DFC88F}.Ad-Hoc|iPhone.Build.0 = Release|Any CPU
		{5C3F2FCA-6266-4056-8D0C-A88228DFC88F}.Ad-Hoc|iPhoneSimulator.ActiveCfg = Release|Any CPU
		{5C3F2FCA-6266-4056-8D0C-A88228DFC88F}.Ad-Hoc|iPhoneSimulator.Build.0 = Release|Any CPU
		{5C3F2FCA-6266-4056-8D0C-A88228DFC88F}.Ad-Hoc|x64.ActiveCfg = Release|Any CPU
		{5C3F2FCA-6266-4056-8D0C-A88228DFC88F}.Ad-Hoc|x64.Build.0 = Release|Any CPU
		{5C3F2FCA-6266-4056-8D0C-A88228DFC88F}.Ad-Hoc|x86.ActiveCfg = Release|Any CPU
		{5C3F2FCA-6266-4056-8D0C-A88228DFC88F}.Ad-Hoc|x86.Build.0 = Release|Any CPU
		{5C3F2FCA-6266-4056-8D0C-A88228DFC88F}.AppStore|Any CPU.ActiveCfg = Release|Any CPU
		{5C3F2FCA-6266-4056-8D0C-A88228DFC88F}.AppStore|Any CPU.Build.0 = Release|Any CPU
		{5C3F2FCA-6266-4056-8D0C-A88228DFC88F}.AppStore|ARM.ActiveCfg = Release|Any CPU
		{5C3F2FCA-6266-4056-8D0C-A88228DFC88F}.AppStore|ARM.Build.0 = Release|Any CPU
		{5C3F2FCA-6266-4056-8D0C-A88228DFC88F}.AppStore|iPhone.ActiveCfg = Release|Any CPU
		{5C3F2FCA-6266-4056-8D0C-A88228DFC88F}.AppStore|iPhone.Build.0 = Release|Any CPU
		{5C3F2FCA-6266-4056-8D0C-A88228DFC88F}.AppStore|iPhoneSimulator.ActiveCfg = Release|Any CPU
		{5C3F2FCA-6266-4056-8D0C-A88228DFC88F}.AppStore|iPhoneSimulator.Build.0 = Release|Any CPU
		{5C3F2FCA-6266-4056-8D0C-A88228DFC88F}.AppStore|x64.ActiveCfg = Release|Any CPU
		{5C3F2FCA-6266-4056-8D0C-A88228DFC88F}.AppStore|x64.Build.0 = Release|Any CPU
		{5C3F2FCA-6266-4056-8D0C-A88228DFC88F}.AppStore|x86.ActiveCfg = Release|Any CPU
		{5C3F2FCA-6266-4056-8D0C-A88228DFC88F}.AppStore|x86.Build.0 = Release|Any CPU
		{5C3F2FCA-6266-4056-8D0C-A88228DFC88F}.Debug|Any CPU.ActiveCfg = Debug|Any CPU
		{5C3F2FCA-6266-4056-8D0C-A88228DFC88F}.Debug|Any CPU.Build.0 = Debug|Any CPU
		{5C3F2FCA-6266-4056-8D0C-A88228DFC88F}.Debug|ARM.ActiveCfg = Debug|Any CPU
		{5C3F2FCA-6266-4056-8D0C-A88228DFC88F}.Debug|ARM.Build.0 = Debug|Any CPU
		{5C3F2FCA-6266-4056-8D0C-A88228DFC88F}.Debug|iPhone.ActiveCfg = Debug|Any CPU
		{5C3F2FCA-6266-4056-8D0C-A88228DFC88F}.Debug|iPhone.Build.0 = Debug|Any CPU
		{5C3F2FCA-6266-4056-8D0C-A88228DFC88F}.Debug|iPhoneSimulator.ActiveCfg = Debug|Any CPU
		{5C3F2FCA-6266-4056-8D0C-A88228DFC88F}.Debug|iPhoneSimulator.Build.0 = Debug|Any CPU
		{5C3F2FCA-6266-4056-8D0C-A88228DFC88F}.Debug|x64.ActiveCfg = Debug|Any CPU
		{5C3F2FCA-6266-4056-8D0C-A88228DFC88F}.Debug|x64.Build.0 = Debug|Any CPU
		{5C3F2FCA-6266-4056-8D0C-A88228DFC88F}.Debug|x86.ActiveCfg = Debug|Any CPU
		{5C3F2FCA-6266-4056-8D0C-A88228DFC88F}.Debug|x86.Build.0 = Debug|Any CPU
		{5C3F2FCA-6266-4056-8D0C-A88228DFC88F}.Release|Any CPU.ActiveCfg = Release|Any CPU
		{5C3F2FCA-6266-4056-8D0C-A88228DFC88F}.Release|Any CPU.Build.0 = Release|Any CPU
		{5C3F2FCA-6266-4056-8D0C-A88228DFC88F}.Release|ARM.ActiveCfg = Release|Any CPU
		{5C3F2FCA-6266-4056-8D0C-A88228DFC88F}.Release|ARM.Build.0 = Release|Any CPU
		{5C3F2FCA-6266-4056-8D0C-A88228DFC88F}.Release|iPhone.ActiveCfg = Release|Any CPU
		{5C3F2FCA-6266-4056-8D0C-A88228DFC88F}.Release|iPhone.Build.0 = Release|Any CPU
		{5C3F2FCA-6266-4056-8D0C-A88228DFC88F}.Release|iPhoneSimulator.ActiveCfg = Release|Any CPU
		{5C3F2FCA-6266-4056-8D0C-A88228DFC88F}.Release|iPhoneSimulator.Build.0 = Release|Any CPU
		{5C3F2FCA-6266-4056-8D0C-A88228DFC88F}.Release|x64.ActiveCfg = Release|Any CPU
		{5C3F2FCA-6266-4056-8D0C-A88228DFC88F}.Release|x64.Build.0 = Release|Any CPU
		{5C3F2FCA-6266-4056-8D0C-A88228DFC88F}.Release|x86.ActiveCfg = Release|Any CPU
		{5C3F2FCA-6266-4056-8D0C-A88228DFC88F}.Release|x86.Build.0 = Release|Any CPU
	EndGlobalSection
	GlobalSection(SolutionProperties) = preSolution
		HideSolutionNode = FALSE
	EndGlobalSection
	GlobalSection(NestedProjects) = preSolution
		{B8909145-F157-498E-8B9C-87A9F0AE5F13} = {B7C47AF5-D55F-4A54-AC92-BE3E71FE9B35}
		{9D107CAE-C64B-4539-BBEE-913996A4958C} = {B7C47AF5-D55F-4A54-AC92-BE3E71FE9B35}
		{87CB3256-BF8B-4C35-97D2-6D10FC062D5A} = {B7C47AF5-D55F-4A54-AC92-BE3E71FE9B35}
		{FF2CE7EF-5487-49CD-BEB3-BFD9FC0AC57C} = {B7C47AF5-D55F-4A54-AC92-BE3E71FE9B35}
		{46E3C6C7-879C-4BDC-B0F3-BEF7BE8B2AA7} = {BC7E0C92-A96C-40E9-8DC6-DDBF97137F10}
		{5715AF9A-6E4E-40F5-8B91-4096F62891CA} = {BC7E0C92-A96C-40E9-8DC6-DDBF97137F10}
		{3EAFF2BB-7974-448F-9BF7-0209D307D65F} = {BC7E0C92-A96C-40E9-8DC6-DDBF97137F10}
		{1F33D191-4A99-4F5B-9AD7-12E088859A40} = {BC7E0C92-A96C-40E9-8DC6-DDBF97137F10}
		{7CF35BF1-C8A6-49A9-96A2-59E391E0619E} = {B8909145-F157-498E-8B9C-87A9F0AE5F13}
		{529F7E6F-EA83-4338-BAA1-0959E8E63655} = {B8909145-F157-498E-8B9C-87A9F0AE5F13}
		{6FE0A980-A6B6-4CBB-8AA9-B7AB1A2D71B8} = {9D107CAE-C64B-4539-BBEE-913996A4958C}
		{E3BFFB16-CA40-4003-82C8-7A985A695708} = {9D107CAE-C64B-4539-BBEE-913996A4958C}
		{7012EEE5-6B9B-4089-80C6-1926AFCD37E4} = {87CB3256-BF8B-4C35-97D2-6D10FC062D5A}
		{1A3FCA05-8967-4CE6-9CCA-ACEAFC32BB7C} = {FF2CE7EF-5487-49CD-BEB3-BFD9FC0AC57C}
		{15B7D294-1DF6-4F20-AABC-1037E930F897} = {46E3C6C7-879C-4BDC-B0F3-BEF7BE8B2AA7}
		{E77EA333-6B78-4A9E-8218-C99D3D5432DE} = {46E3C6C7-879C-4BDC-B0F3-BEF7BE8B2AA7}
		{9DCB0139-96AF-4FB5-811B-5432BB94AA31} = {5715AF9A-6E4E-40F5-8B91-4096F62891CA}
		{F30C5002-20CB-4459-947C-364DFF00EFB2} = {5715AF9A-6E4E-40F5-8B91-4096F62891CA}
		{FC97E81D-E1DA-4C7F-A0A5-306382049B75} = {5715AF9A-6E4E-40F5-8B91-4096F62891CA}
		{D47D31E2-87D4-4D63-B813-F16BC79996D6} = {3EAFF2BB-7974-448F-9BF7-0209D307D65F}
		{5DDFDDD0-2B46-43A8-B45F-6C980ECEEDF0} = {3EAFF2BB-7974-448F-9BF7-0209D307D65F}
		{54DEC860-D3C5-4CAE-99C4-C3AE2AF4B14E} = {3EAFF2BB-7974-448F-9BF7-0209D307D65F}
		{5C3F2FCA-6266-4056-8D0C-A88228DFC88F} = {1F33D191-4A99-4F5B-9AD7-12E088859A40}
	EndGlobalSection
	GlobalSection(ExtensibilityGlobals) = postSolution
		SolutionGuid = {04DAC862-44E1-48AB-88A8-5FF8BE252F84}
	EndGlobalSection
EndGlobal
